{
  "name": "nodejsdemo",
  "version": "0.0.1",
  "lockfileVersion": 1,
  "requires": true,
  "dependencies": {
    "accepts": {
      "version": "1.3.5",
      "resolved": "http://registry.npm.taobao.org/accepts/download/accepts-1.3.5.tgz",
      "integrity": "sha1-63d99gEXI6OxTopywIBcjoZ0a9I=",
      "requires": {
        "mime-types": "~2.1.18",
        "negotiator": "0.6.1"
      },
      "dependencies": {
        "negotiator": {
          "version": "0.6.1",
          "resolved": "http://registry.npm.taobao.org/negotiator/download/negotiator-0.6.1.tgz",
          "integrity": "sha1-KzJxhOiZIQEXeyhWP7XnECrNDKk="
        }
      }
    },
    "active-x-obfuscator": {
      "version": "0.0.1",
      "resolved": "http://registry.npm.taobao.org/active-x-obfuscator/download/active-x-obfuscator-0.0.1.tgz",
      "integrity": "sha1-CJuJs3FF/x2ex0r2UwvlUmyuHxo=",
      "requires": {
        "zeparser": "0.0.5"
      }
    },
    "amdefine": {
      "version": "1.0.1",
      "resolved": "http://registry.npm.taobao.org/amdefine/download/amdefine-1.0.1.tgz",
      "integrity": "sha1-SlKCrBZHKek2Gbz9OtFR+BfOkfU="
    },
    "array-flatten": {
      "version": "1.1.1",
      "resolved": "http://registry.npm.taobao.org/array-flatten/download/array-flatten-1.1.1.tgz",
      "integrity": "sha1-ml9pkFGx5wczKPKgCJaLZOopVdI="
    },
    "async": {
      "version": "0.2.10",
      "resolved": "http://registry.npm.taobao.org/async/download/async-0.2.10.tgz",
      "integrity": "sha1-trvgsGdLnXGXCMo43owjfLUmw9E="
    },
    "balanced-match": {
      "version": "1.0.0",
      "resolved": "http://registry.npm.taobao.org/balanced-match/download/balanced-match-1.0.0.tgz",
      "integrity": "sha1-ibTRmasr7kneFk6gK4nORi1xt2c="
    },
    "base64id": {
      "version": "0.1.0",
      "resolved": "http://registry.npm.taobao.org/base64id/download/base64id-0.1.0.tgz",
      "integrity": "sha1-As4P3u4M709ACA4ec+g08LG/zj8="
    },
    "basic-auth-connect": {
      "version": "1.0.0",
      "resolved": "http://registry.npm.taobao.org/basic-auth-connect/download/basic-auth-connect-1.0.0.tgz",
      "integrity": "sha1-/bC0OWLKe0BFanwrtI/hc9otISI="
    },
    "batch": {
      "version": "0.5.0",
      "resolved": "http://registry.npm.taobao.org/batch/download/batch-0.5.0.tgz",
      "integrity": "sha1-/S4Fp6XWlrTbkxQBPihdj/NVfsM="
    },
    "body-parser": {
      "version": "1.18.3",
      "resolved": "http://registry.npm.taobao.org/body-parser/download/body-parser-1.18.3.tgz",
      "integrity": "sha1-WykhmP/dVTs6DyDe0FkrlWlVyLQ=",
      "requires": {
        "bytes": "3.0.0",
        "content-type": "~1.0.4",
        "debug": "2.6.9",
        "depd": "~1.1.2",
        "http-errors": "~1.6.3",
        "iconv-lite": "0.4.23",
        "on-finished": "~2.3.0",
        "qs": "6.5.2",
        "raw-body": "2.3.3",
        "type-is": "~1.6.16"
      },
      "dependencies": {
        "bytes": {
          "version": "3.0.0",
          "resolved": "http://registry.npm.taobao.org/bytes/download/bytes-3.0.0.tgz",
          "integrity": "sha1-0ygVQE1olpn4Wk6k+odV3ROpYEg="
        },
        "debug": {
          "version": "2.6.9",
          "resolved": "http://registry.npm.taobao.org/debug/download/debug-2.6.9.tgz",
          "integrity": "sha1-XRKFFd8TT/Mn6QpMk/Tgd6U2NB8=",
          "requires": {
            "ms": "2.0.0"
          }
        },
        "iconv-lite": {
          "version": "0.4.23",
          "resolved": "http://registry.npm.taobao.org/iconv-lite/download/iconv-lite-0.4.23.tgz",
          "integrity": "sha1-KXhx9jvlB63Pv8pxXQzQ7thOmmM=",
          "requires": {
            "safer-buffer": ">= 2.1.2 < 3"
          }
        },
        "qs": {
          "version": "6.5.2",
          "resolved": "http://registry.npm.taobao.org/qs/download/qs-6.5.2.tgz",
          "integrity": "sha1-yzroBuh0BERYTvFUzo7pjUA/PjY="
        },
        "raw-body": {
          "version": "2.3.3",
          "resolved": "http://registry.npm.taobao.org/raw-body/download/raw-body-2.3.3.tgz",
          "integrity": "sha1-GzJOzmtXBuFThVvBFIxlu39uoMM=",
          "requires": {
            "bytes": "3.0.0",
            "http-errors": "1.6.3",
            "iconv-lite": "0.4.23",
            "unpipe": "1.0.0"
          }
        }
      }
    },
    "brace-expansion": {
      "version": "1.1.11",
      "resolved": "http://registry.npm.taobao.org/brace-expansion/download/brace-expansion-1.1.11.tgz",
      "integrity": "sha1-PH/L9SnYcibz0vUrlm/1Jx60Qd0=",
      "requires": {
        "balanced-match": "^1.0.0",
        "concat-map": "0.0.1"
      }
    },
    "buffer-crc32": {
      "version": "0.2.1",
      "resolved": "http://registry.npm.taobao.org/buffer-crc32/download/buffer-crc32-0.2.1.tgz",
      "integrity": "sha1-vj5TgvwCttYySVasGvmKqYsIU0w="
    },
    "bytes": {
      "version": "0.3.0",
      "resolved": "http://registry.npm.taobao.org/bytes/download/bytes-0.3.0.tgz",
      "integrity": "sha1-eOLg4ox/nHuYjqiu4NtNX6mUGTU="
    },
    "camelcase": {
      "version": "1.2.1",
      "resolved": "http://registry.npm.taobao.org/camelcase/download/camelcase-1.2.1.tgz?cache=0&other_urls=http%3A%2F%2Fregistry.npm.taobao.org%2Fcamelcase%2Fdownload%2Fcamelcase-1.2.1.tgz",
      "integrity": "sha1-m7UwTS4LVmmLLHWLCKPqqdqlijk="
    },
    "character-parser": {
      "version": "1.2.0",
      "resolved": "http://registry.npm.taobao.org/character-parser/download/character-parser-1.2.0.tgz",
      "integrity": "sha1-lBNNbl2HCjm+NZ99IkYJNRhN3vY="
    },
    "commander": {
      "version": "2.1.0",
      "resolved": "http://registry.npm.taobao.org/commander/download/commander-2.1.0.tgz?cache=0&other_urls=http%3A%2F%2Fregistry.npm.taobao.org%2Fcommander%2Fdownload%2Fcommander-2.1.0.tgz",
      "integrity": "sha1-0SG7roYNmZKj1Re6lvVliOR8Z4E="
    },
    "compressible": {
      "version": "1.0.0",
      "resolved": "http://registry.npm.taobao.org/compressible/download/compressible-1.0.0.tgz",
      "integrity": "sha1-+D5JwcthQhdTVFElqAEdaLSSQn0="
    },
    "compression": {
      "version": "1.0.0",
      "resolved": "http://registry.npm.taobao.org/compression/download/compression-1.0.0.tgz?cache=0&other_urls=http%3A%2F%2Fregistry.npm.taobao.org%2Fcompression%2Fdownload%2Fcompression-1.0.0.tgz",
      "integrity": "sha1-iuuF1I21FF04vIsYG2NS2OqyYCA=",
      "requires": {
        "bytes": "0.2.1",
        "compressible": "1.0.0",
        "negotiator": "0.3.0"
      },
      "dependencies": {
        "bytes": {
          "version": "0.2.1",
          "resolved": "http://registry.npm.taobao.org/bytes/download/bytes-0.2.1.tgz",
          "integrity": "sha1-VVsIq8sGP4l1kFMCUj5M1P/f3zE="
        }
      }
    },
    "concat-map": {
      "version": "0.0.1",
      "resolved": "http://registry.npm.taobao.org/concat-map/download/concat-map-0.0.1.tgz",
      "integrity": "sha1-2Klr13/Wjfd5OnMDajug1UBdR3s="
    },
    "connect": {
      "version": "2.14.5",
      "resolved": "http://registry.npm.taobao.org/connect/download/connect-2.14.5.tgz",
      "integrity": "sha1-cyF1ExUsFS6+BJxJn6CSEbjEdvQ=",
      "requires": {
        "basic-auth-connect": "1.0.0",
        "bytes": "0.3.0",
        "compression": "1.0.0",
        "connect-timeout": "1.0.0",
        "cookie-parser": "1.0.1",
        "cookie-signature": "1.0.3",
        "csurf": "1.1.0",
        "debug": ">= 0.7.3 < 1",
        "errorhandler": "1.0.0",
        "express-session": "1.0.2",
        "fresh": "0.2.2",
        "method-override": "1.0.0",
        "morgan": "1.0.0",
        "multiparty": "2.2.0",
        "pause": "0.0.1",
        "qs": "0.6.6",
        "raw-body": "1.1.4",
        "response-time": "1.0.0",
        "serve-index": "1.0.1",
        "serve-static": "1.1.0",
        "setimmediate": "1.0.1",
        "static-favicon": "1.0.2",
        "vhost": "1.0.0"
      },
      "dependencies": {
        "debug": {
          "version": "0.8.1",
          "resolved": "http://registry.npm.taobao.org/debug/download/debug-0.8.1.tgz",
          "integrity": "sha1-IP9NJvXkIstoobrLu2EDmtjBwTA="
        }
      }
    },
    "connect-timeout": {
      "version": "1.0.0",
      "resolved": "http://registry.npm.taobao.org/connect-timeout/download/connect-timeout-1.0.0.tgz",
      "integrity": "sha1-EgVHmfkLuVZviydO/nhC1kZdELs=",
      "requires": {
        "debug": "*"
      }
    },
    "constantinople": {
      "version": "2.0.1",
      "resolved": "http://registry.npm.taobao.org/constantinople/download/constantinople-2.0.1.tgz",
      "integrity": "sha1-WCn4VvMBqb2xB9k1932OuMzsTHk=",
      "requires": {
        "uglify-js": "~2.4.0"
      }
    },
    "content-disposition": {
      "version": "0.5.2",
      "resolved": "http://registry.npm.taobao.org/content-disposition/download/content-disposition-0.5.2.tgz",
      "integrity": "sha1-DPaLud318r55YcOoUXjLhdunjLQ="
    },
    "content-type": {
      "version": "1.0.4",
      "resolved": "http://registry.npm.taobao.org/content-type/download/content-type-1.0.4.tgz",
      "integrity": "sha1-4TjMdeBAxyexlm/l5fjJruJW/js="
    },
    "cookie": {
      "version": "0.1.0",
      "resolved": "http://registry.npm.taobao.org/cookie/download/cookie-0.1.0.tgz",
      "integrity": "sha1-kOtGndzpBchm3mh+/EMTHYgB+dA="
    },
    "cookie-parser": {
      "version": "1.0.1",
      "resolved": "http://registry.npm.taobao.org/cookie-parser/download/cookie-parser-1.0.1.tgz",
      "integrity": "sha1-F71iLJcXzQhYqRKp/vTANiNgp7A=",
      "requires": {
        "cookie": "0.1.0",
        "cookie-signature": "1.0.3"
      }
    },
    "cookie-signature": {
      "version": "1.0.3",
      "resolved": "http://registry.npm.taobao.org/cookie-signature/download/cookie-signature-1.0.3.tgz",
      "integrity": "sha1-kc2ZfMUftkFZVzjGnNoCAyj1D/k="
    },
    "core-util-is": {
      "version": "1.0.2",
      "resolved": "http://registry.npm.taobao.org/core-util-is/download/core-util-is-1.0.2.tgz",
      "integrity": "sha1-tf1UIgqivFq1eqtxQMlAdUUDwac="
    },
    "css": {
      "version": "1.0.8",
      "resolved": "http://registry.npm.taobao.org/css/download/css-1.0.8.tgz",
      "integrity": "sha1-k4aBHKgrzMnuf7WnMrHioxfIo+c=",
      "requires": {
        "css-parse": "1.0.4",
        "css-stringify": "1.0.5"
      }
    },
    "css-parse": {
      "version": "1.0.4",
      "resolved": "http://registry.npm.taobao.org/css-parse/download/css-parse-1.0.4.tgz",
      "integrity": "sha1-OLBQP7+dqfVOnB29pg4UXHcRe90="
    },
    "css-stringify": {
      "version": "1.0.5",
      "resolved": "http://registry.npm.taobao.org/css-stringify/download/css-stringify-1.0.5.tgz",
      "integrity": "sha1-sNBClG2ylTu50pKQCmy19tASIDE="
    },
    "csurf": {
      "version": "1.1.0",
      "resolved": "http://registry.npm.taobao.org/csurf/download/csurf-1.1.0.tgz",
      "integrity": "sha1-XdRZ30DfQ7nrgoKE1tAxMvQsuLI=",
      "requires": {
        "scmp": "~0.0.3",
        "uid2": "~0.0.2"
      }
    },
    "debug": {
      "version": "4.1.1",
      "resolved": "http://registry.npm.taobao.org/debug/download/debug-4.1.1.tgz",
      "integrity": "sha1-O3ImAlUQnGtYnO4FDx1RYTlmR5E=",
      "requires": {
        "ms": "^2.1.1"
      },
      "dependencies": {
        "ms": {
          "version": "2.1.1",
          "resolved": "http://registry.npm.taobao.org/ms/download/ms-2.1.1.tgz",
          "integrity": "sha1-MKWGTrPrsKZvLr5tcnrwagnYbgo="
        }
      }
    },
    "decamelize": {
      "version": "1.2.0",
      "resolved": "http://registry.npm.taobao.org/decamelize/download/decamelize-1.2.0.tgz?cache=0&other_urls=http%3A%2F%2Fregistry.npm.taobao.org%2Fdecamelize%2Fdownload%2Fdecamelize-1.2.0.tgz",
      "integrity": "sha1-9lNNFRSCabIDUue+4m9QH5oZEpA="
    },
    "depd": {
      "version": "1.1.2",
      "resolved": "http://registry.npm.taobao.org/depd/download/depd-1.1.2.tgz",
      "integrity": "sha1-m81S4UwJd2PnSbJ0xDRu0uVgtak="
    },
    "destroy": {
      "version": "1.0.4",
      "resolved": "http://registry.npm.taobao.org/destroy/download/destroy-1.0.4.tgz",
      "integrity": "sha1-l4hXRCxEdJ5CBmE+N5RiBYJqvYA="
    },
    "ee-first": {
      "version": "1.1.1",
      "resolved": "http://registry.npm.taobao.org/ee-first/download/ee-first-1.1.1.tgz",
      "integrity": "sha1-WQxhFWsK4vTwJVcyoViyZrxWsh0="
    },
    "encodeurl": {
      "version": "1.0.2",
      "resolved": "http://registry.npm.taobao.org/encodeurl/download/encodeurl-1.0.2.tgz",
      "integrity": "sha1-rT/0yG7C0CkyL1oCw6mmBslbP1k="
    },
    "errorhandler": {
      "version": "1.0.0",
      "resolved": "http://registry.npm.taobao.org/errorhandler/download/errorhandler-1.0.0.tgz",
      "integrity": "sha1-10s36Nw4yZr7P1p57c666gItBCo="
    },
    "escape-html": {
      "version": "1.0.3",
      "resolved": "http://registry.npm.taobao.org/escape-html/download/escape-html-1.0.3.tgz",
      "integrity": "sha1-Aljq5NPQwJdN4cFpGI7wBR0dGYg="
    },
    "etag": {
      "version": "1.8.1",
      "resolved": "http://registry.npm.taobao.org/etag/download/etag-1.8.1.tgz",
      "integrity": "sha1-Qa4u62XvpiJorr/qg6x9eSmbCIc="
    },
    "express": {
      "version": "4.16.4",
      "resolved": "http://registry.npm.taobao.org/express/download/express-4.16.4.tgz",
      "integrity": "sha1-/d72GSYQniTFFeqX/S8b2/Yt8S4=",
      "requires": {
        "accepts": "~1.3.5",
        "array-flatten": "1.1.1",
        "body-parser": "1.18.3",
        "content-disposition": "0.5.2",
        "content-type": "~1.0.4",
        "cookie": "0.3.1",
        "cookie-signature": "1.0.6",
        "debug": "2.6.9",
        "depd": "~1.1.2",
        "encodeurl": "~1.0.2",
        "escape-html": "~1.0.3",
        "etag": "~1.8.1",
        "finalhandler": "1.1.1",
        "fresh": "0.5.2",
        "merge-descriptors": "1.0.1",
        "methods": "~1.1.2",
        "on-finished": "~2.3.0",
        "parseurl": "~1.3.2",
        "path-to-regexp": "0.1.7",
        "proxy-addr": "~2.0.4",
        "qs": "6.5.2",
        "range-parser": "~1.2.0",
        "safe-buffer": "5.1.2",
        "send": "0.16.2",
        "serve-static": "1.13.2",
        "setprototypeof": "1.1.0",
        "statuses": "~1.4.0",
        "type-is": "~1.6.16",
        "utils-merge": "1.0.1",
        "vary": "~1.1.2"
      },
      "dependencies": {
        "cookie": {
          "version": "0.3.1",
          "resolved": "http://registry.npm.taobao.org/cookie/download/cookie-0.3.1.tgz",
          "integrity": "sha1-5+Ch+e9DtMi6klxcWpboBtFoc7s="
        },
        "cookie-signature": {
          "version": "1.0.6",
          "resolved": "http://registry.npm.taobao.org/cookie-signature/download/cookie-signature-1.0.6.tgz",
          "integrity": "sha1-4wOogrNCzD7oylE6eZmXNNqzriw="
        },
        "debug": {
          "version": "2.6.9",
          "resolved": "http://registry.npm.taobao.org/debug/download/debug-2.6.9.tgz",
          "integrity": "sha1-XRKFFd8TT/Mn6QpMk/Tgd6U2NB8=",
          "requires": {
            "ms": "2.0.0"
          }
        },
        "fresh": {
          "version": "0.5.2",
          "resolved": "http://registry.npm.taobao.org/fresh/download/fresh-0.5.2.tgz",
          "integrity": "sha1-PYyt2Q2XZWn6g1qx+OSyOhBWBac="
        },
        "mime": {
          "version": "1.4.1",
          "resolved": "http://registry.npm.taobao.org/mime/download/mime-1.4.1.tgz?cache=0&other_urls=http%3A%2F%2Fregistry.npm.taobao.org%2Fmime%2Fdownload%2Fmime-1.4.1.tgz",
          "integrity": "sha1-Eh+evEnjdm8xGnbh+hyAA8SwOqY="
        },
        "parseurl": {
          "version": "1.3.2",
          "resolved": "http://registry.npm.taobao.org/parseurl/download/parseurl-1.3.2.tgz",
          "integrity": "sha1-/CidTtiZMRlGDBViUyYs3I3mW/M="
        },
        "qs": {
          "version": "6.5.2",
          "resolved": "http://registry.npm.taobao.org/qs/download/qs-6.5.2.tgz",
          "integrity": "sha1-yzroBuh0BERYTvFUzo7pjUA/PjY="
        },
        "range-parser": {
          "version": "1.2.0",
          "resolved": "http://registry.npm.taobao.org/range-parser/download/range-parser-1.2.0.tgz",
          "integrity": "sha1-9JvmtIeJTdxA3MlKMi9hEJLgDV4="
        },
        "send": {
          "version": "0.16.2",
          "resolved": "http://registry.npm.taobao.org/send/download/send-0.16.2.tgz",
          "integrity": "sha1-bsyh4PjBVtFBWXVZhI32RzCmu8E=",
          "requires": {
            "debug": "2.6.9",
            "depd": "~1.1.2",
            "destroy": "~1.0.4",
            "encodeurl": "~1.0.2",
            "escape-html": "~1.0.3",
            "etag": "~1.8.1",
            "fresh": "0.5.2",
            "http-errors": "~1.6.2",
            "mime": "1.4.1",
            "ms": "2.0.0",
            "on-finished": "~2.3.0",
            "range-parser": "~1.2.0",
            "statuses": "~1.4.0"
          }
        },
        "serve-static": {
          "version": "1.13.2",
          "resolved": "http://registry.npm.taobao.org/serve-static/download/serve-static-1.13.2.tgz",
          "integrity": "sha1-CV6Ecv1bRiN9tQzkhqQ/S4bGzsE=",
          "requires": {
            "encodeurl": "~1.0.2",
            "escape-html": "~1.0.3",
            "parseurl": "~1.3.2",
            "send": "0.16.2"
          }
        },
        "utils-merge": {
          "version": "1.0.1",
          "resolved": "http://registry.npm.taobao.org/utils-merge/download/utils-merge-1.0.1.tgz",
          "integrity": "sha1-n5VxD1CiZ5R7LMwSR0HBAoQn5xM="
        }
      }
    },
    "express-session": {
      "version": "1.0.2",
      "resolved": "http://registry.npm.taobao.org/express-session/download/express-session-1.0.2.tgz",
      "integrity": "sha1-AER4x0JWF3RBHOt5czFVpWttSes=",
      "requires": {
        "buffer-crc32": "0.2.1",
        "cookie": "0.1.0",
        "cookie-signature": "1.0.3",
        "debug": "0.7.4",
        "uid2": "0.0.3",
        "utils-merge": "1.0.0"
      },
      "dependencies": {
        "debug": {
          "version": "0.7.4",
          "resolved": "http://registry.npm.taobao.org/debug/download/debug-0.7.4.tgz",
          "integrity": "sha1-BuHqgILCyxTjmAbiLi9vdX+Srzk="
        }
      }
    },
    "finalhandler": {
      "version": "1.1.1",
      "resolved": "http://registry.npm.taobao.org/finalhandler/download/finalhandler-1.1.1.tgz",
      "integrity": "sha1-7r9O2EAHnIP0JJA4ydcDAIMBsQU=",
      "requires": {
        "debug": "2.6.9",
        "encodeurl": "~1.0.2",
        "escape-html": "~1.0.3",
        "on-finished": "~2.3.0",
        "parseurl": "~1.3.2",
        "statuses": "~1.4.0",
        "unpipe": "~1.0.0"
      },
      "dependencies": {
        "debug": {
          "version": "2.6.9",
          "resolved": "http://registry.npm.taobao.org/debug/download/debug-2.6.9.tgz",
          "integrity": "sha1-XRKFFd8TT/Mn6QpMk/Tgd6U2NB8=",
          "requires": {
            "ms": "2.0.0"
          }
        },
        "parseurl": {
          "version": "1.3.2",
          "resolved": "http://registry.npm.taobao.org/parseurl/download/parseurl-1.3.2.tgz",
          "integrity": "sha1-/CidTtiZMRlGDBViUyYs3I3mW/M="
        }
      }
    },
    "forwarded": {
      "version": "0.1.2",
      "resolved": "http://registry.npm.taobao.org/forwarded/download/forwarded-0.1.2.tgz",
      "integrity": "sha1-mMI9qxF1ZXuMBXPozszZGw/xjIQ="
    },
    "fresh": {
      "version": "0.2.2",
      "resolved": "http://registry.npm.taobao.org/fresh/download/fresh-0.2.2.tgz",
      "integrity": "sha1-lzHc9WeMf660T7kDxPct9VGH+nc="
    },
    "http-errors": {
      "version": "1.6.3",
      "resolved": "http://registry.npm.taobao.org/http-errors/download/http-errors-1.6.3.tgz",
      "integrity": "sha1-i1VoC7S+KDoLW/TqLjhYC+HZMg0=",
      "requires": {
        "depd": "~1.1.2",
        "inherits": "2.0.3",
        "setprototypeof": "1.1.0",
        "statuses": ">= 1.4.0 < 2"
      }
    },
    "iconv-lite": {
      "version": "0.2.11",
      "resolved": "http://registry.npm.taobao.org/iconv-lite/download/iconv-lite-0.2.11.tgz",
      "integrity": "sha1-HOYKOleGSiktEyH/RgnKS7llrcg="
    },
    "inherits": {
      "version": "2.0.3",
      "resolved": "http://registry.npm.taobao.org/inherits/download/inherits-2.0.3.tgz",
      "integrity": "sha1-Yzwsg+PaQqUC9SRmAiSA9CCCYd4="
    },
    "ipaddr.js": {
      "version": "1.8.0",
      "resolved": "http://registry.npm.taobao.org/ipaddr.js/download/ipaddr.js-1.8.0.tgz",
      "integrity": "sha1-6qM9bd16zo9/b+DJygRA5wZzix4="
    },
    "is-promise": {
      "version": "1.0.1",
      "resolved": "http://registry.npm.taobao.org/is-promise/download/is-promise-1.0.1.tgz",
      "integrity": "sha1-MVc3YcBX4zwukaq56W2gjO++duU="
    },
    "isarray": {
      "version": "0.0.1",
      "resolved": "http://registry.npm.taobao.org/isarray/download/isarray-0.0.1.tgz",
      "integrity": "sha1-ihis/Kmo9Bd+Cav8YDiTmwXR7t8="
    },
    "jade": {
      "version": "1.3.1",
      "resolved": "http://registry.npm.taobao.org/jade/download/jade-1.3.1.tgz",
      "integrity": "sha1-dIPYSLhxTcUKQNqYsECXkLN0IWs=",
      "requires": {
        "character-parser": "1.2.0",
        "commander": "2.1.0",
        "constantinople": "~2.0.0",
        "mkdirp": "~0.3.5",
        "monocle": "1.1.51",
        "transformers": "2.1.0",
        "with": "~3.0.0"
      }
    },
    "media-typer": {
      "version": "0.3.0",
      "resolved": "http://registry.npm.taobao.org/media-typer/download/media-typer-0.3.0.tgz",
      "integrity": "sha1-hxDXrwqmJvj/+hzgAWhUUmMlV0g="
    },
    "merge-descriptors": {
      "version": "1.0.1",
      "resolved": "http://registry.npm.taobao.org/merge-descriptors/download/merge-descriptors-1.0.1.tgz",
      "integrity": "sha1-sAqqVW3YtEVoFQ7J0blT8/kMu2E="
    },
    "method-override": {
      "version": "1.0.0",
      "resolved": "http://registry.npm.taobao.org/method-override/download/method-override-1.0.0.tgz",
      "integrity": "sha1-nlv72A87ngQ4Ad0/5gu6sPFbX2E=",
      "requires": {
        "methods": "*"
      }
    },
    "methods": {
      "version": "1.1.2",
      "resolved": "http://registry.npm.taobao.org/methods/download/methods-1.1.2.tgz",
      "integrity": "sha1-VSmk1nZUE07cxSZmVoNbD4Ua/O4="
    },
    "mime": {
      "version": "1.2.11",
      "resolved": "http://registry.npm.taobao.org/mime/download/mime-1.2.11.tgz?cache=0&other_urls=http%3A%2F%2Fregistry.npm.taobao.org%2Fmime%2Fdownload%2Fmime-1.2.11.tgz",
      "integrity": "sha1-WCA+7Ybjpe8XrtK32evUfwpg3RA="
    },
    "mime-db": {
      "version": "1.38.0",
      "resolved": "http://registry.npm.taobao.org/mime-db/download/mime-db-1.38.0.tgz",
      "integrity": "sha1-GiqrFtqesWe0nG5N8tnGjWPY4q0="
    },
    "mime-types": {
      "version": "2.1.22",
      "resolved": "http://registry.npm.taobao.org/mime-types/download/mime-types-2.1.22.tgz",
      "integrity": "sha1-/ms1WhkJJqt2mMmgVWoRGZshmb0=",
      "requires": {
        "mime-db": "~1.38.0"
      }
    },
    "minimatch": {
      "version": "3.0.4",
      "resolved": "http://registry.npm.taobao.org/minimatch/download/minimatch-3.0.4.tgz",
      "integrity": "sha1-UWbihkV/AzBgZL5Ul+jbsMPTIIM=",
      "requires": {
        "brace-expansion": "^1.1.7"
      }
    },
    "mkdirp": {
      "version": "0.3.5",
      "resolved": "http://registry.npm.taobao.org/mkdirp/download/mkdirp-0.3.5.tgz?cache=0&other_urls=http%3A%2F%2Fregistry.npm.taobao.org%2Fmkdirp%2Fdownload%2Fmkdirp-0.3.5.tgz",
      "integrity": "sha1-3j5fiWHIjHh+4TaN+EmsRBPsqNc="
    },
    "monocle": {
      "version": "1.1.51",
      "resolved": "http://registry.npm.taobao.org/monocle/download/monocle-1.1.51.tgz",
      "integrity": "sha1-Iu0W4RLpsFZ2nFzKySDjdSSdicA=",
      "requires": {
        "readdirp": "~0.2.3"
      }
    },
    "morgan": {
      "version": "1.0.0",
      "resolved": "http://registry.npm.taobao.org/morgan/download/morgan-1.0.0.tgz",
      "integrity": "sha1-g890ufLYQZAfGpprj6ekaNLkeo0=",
      "requires": {
        "bytes": "~0.2.0"
      },
      "dependencies": {
        "bytes": {
          "version": "0.2.1",
          "resolved": "http://registry.npm.taobao.org/bytes/download/bytes-0.2.1.tgz",
          "integrity": "sha1-VVsIq8sGP4l1kFMCUj5M1P/f3zE="
        }
      }
    },
    "ms": {
      "version": "2.0.0",
      "resolved": "http://registry.npm.taobao.org/ms/download/ms-2.0.0.tgz",
      "integrity": "sha1-VgiurfwAvmwpAd9fmGF4jeDVl8g="
    },
    "multiparty": {
      "version": "2.2.0",
      "resolved": "http://registry.npm.taobao.org/multiparty/download/multiparty-2.2.0.tgz",
      "integrity": "sha1-pWfCrwAK0i3I8qZT2Rl4rh9TFvQ=",
      "requires": {
        "readable-stream": "~1.1.9",
        "stream-counter": "~0.2.0"
      }
    },
    "nan": {
      "version": "1.0.0",
      "resolved": "http://registry.npm.taobao.org/nan/download/nan-1.0.0.tgz",
      "integrity": "sha1-riT4hQgY1mL8q1rPfzuVv6oszzg="
    },
    "negotiator": {
      "version": "0.3.0",
      "resolved": "http://registry.npm.taobao.org/negotiator/download/negotiator-0.3.0.tgz",
      "integrity": "sha1-cG1pLv7d9XTVfqn7GriaT6fuj2A="
    },
    "on-finished": {
      "version": "2.3.0",
      "resolved": "http://registry.npm.taobao.org/on-finished/download/on-finished-2.3.0.tgz",
      "integrity": "sha1-IPEzZIGwg811M3mSoWlxqi2QaUc=",
      "requires": {
        "ee-first": "1.1.1"
      }
    },
    "optimist": {
      "version": "0.3.7",
      "resolved": "http://registry.npm.taobao.org/optimist/download/optimist-0.3.7.tgz",
      "integrity": "sha1-yQlBrVnkJzMokjB00s8ufLxuwNk=",
      "requires": {
        "wordwrap": "~0.0.2"
      }
    },
    "options": {
      "version": "0.0.6",
      "resolved": "http://registry.npm.taobao.org/options/download/options-0.0.6.tgz",
      "integrity": "sha1-7CLTEoBrtT5zF3Pnza788cZDEo8="
    },
    "parseurl": {
      "version": "1.0.1",
      "resolved": "http://registry.npm.taobao.org/parseurl/download/parseurl-1.0.1.tgz",
      "integrity": "sha1-Llfc5u/dN8NRhwEDCUTCK/OIt7Q="
    },
    "path-to-regexp": {
      "version": "0.1.7",
      "resolved": "http://registry.npm.taobao.org/path-to-regexp/download/path-to-regexp-0.1.7.tgz",
      "integrity": "sha1-32BBeABfUi8V60SQ5yR6G/qmf4w="
    },
    "pause": {
      "version": "0.0.1",
      "resolved": "http://registry.npm.taobao.org/pause/download/pause-0.0.1.tgz",
      "integrity": "sha1-HUCLP9t2kjuVQ9lvtMnf1TXZy10="
    },
    "policyfile": {
      "version": "0.0.4",
      "resolved": "http://registry.npm.taobao.org/policyfile/download/policyfile-0.0.4.tgz",
      "integrity": "sha1-1rgurZiueeviKOLa9ZAzEeyYLk0="
    },
    "promise": {
      "version": "2.0.0",
      "resolved": "http://registry.npm.taobao.org/promise/download/promise-2.0.0.tgz",
      "integrity": "sha1-RmSKqdYFr10ucMMCS/WUNtoCuA4=",
      "requires": {
        "is-promise": "~1"
      }
    },
    "proxy-addr": {
      "version": "2.0.4",
      "resolved": "http://registry.npm.taobao.org/proxy-addr/download/proxy-addr-2.0.4.tgz",
      "integrity": "sha1-7PxzO/Iv+Mb0B/onUye5q2fki5M=",
      "requires": {
        "forwarded": "~0.1.2",
        "ipaddr.js": "1.8.0"
      }
    },
    "qs": {
      "version": "0.6.6",
      "resolved": "http://registry.npm.taobao.org/qs/download/qs-0.6.6.tgz",
      "integrity": "sha1-bgFQmP9RlouKPIGQAdXyyJvEsQc="
    },
    "range-parser": {
      "version": "1.0.3",
      "resolved": "http://registry.npm.taobao.org/range-parser/download/range-parser-1.0.3.tgz",
      "integrity": "sha1-aHKCNTXGkuLCoBA4Jq/YLC4P8XU="
    },
    "raw-body": {
      "version": "1.1.4",
      "resolved": "http://registry.npm.taobao.org/raw-body/download/raw-body-1.1.4.tgz",
      "integrity": "sha1-8LViQ4jQMfY9oH+HDIbLnMrctn0=",
      "requires": {
        "bytes": "~0.3.0"
      }
    },
    "readable-stream": {
      "version": "1.1.14",
      "resolved": "http://registry.npm.taobao.org/readable-stream/download/readable-stream-1.1.14.tgz?cache=0&other_urls=http%3A%2F%2Fregistry.npm.taobao.org%2Freadable-stream%2Fdownload%2Freadable-stream-1.1.14.tgz",
      "integrity": "sha1-fPTFTvZI44EwhMY23SB54WbAgdk=",
      "requires": {
        "core-util-is": "~1.0.0",
        "inherits": "~2.0.1",
        "isarray": "0.0.1",
        "string_decoder": "~0.10.x"
      }
    },
    "readdirp": {
      "version": "0.2.5",
      "resolved": "http://registry.npm.taobao.org/readdirp/download/readdirp-0.2.5.tgz",
      "integrity": "sha1-xMJ25Sl3riXbUZH+UdAIVQ8V2bs=",
      "requires": {
        "minimatch": ">=0.2.4"
      }
    },
    "redis": {
      "version": "0.7.3",
      "resolved": "http://registry.npm.taobao.org/redis/download/redis-0.7.3.tgz?cache=0&other_urls=http%3A%2F%2Fregistry.npm.taobao.org%2Fredis%2Fdownload%2Fredis-0.7.3.tgz",
      "integrity": "sha1-7le3pE0l7BWU5ENl2BZfp9HUgRo=",
      "optional": true
    },
    "response-time": {
      "version": "1.0.0",
      "resolved": "http://registry.npm.taobao.org/response-time/download/response-time-1.0.0.tgz",
      "integrity": "sha1-wryNCPPDWfl+rh1tqG7q0XX6vck="
    },
    "safe-buffer": {
      "version": "5.1.2",
      "resolved": "http://registry.npm.taobao.org/safe-buffer/download/safe-buffer-5.1.2.tgz",
      "integrity": "sha1-mR7GnSluAxN0fVm9/St0XDX4go0="
    },
    "safer-buffer": {
      "version": "2.1.2",
      "resolved": "http://registry.npm.taobao.org/safer-buffer/download/safer-buffer-2.1.2.tgz",
      "integrity": "sha1-RPoWGwGHuVSd2Eu5GAL5vYOFzWo="
    },
    "scmp": {
      "version": "0.0.3",
      "resolved": "http://registry.npm.taobao.org/scmp/download/scmp-0.0.3.tgz",
      "integrity": "sha1-NkjfLXKUZB5/eGc//CloHZutkHM="
    },
    "send": {
      "version": "0.3.0",
      "resolved": "http://registry.npm.taobao.org/send/download/send-0.3.0.tgz",
      "integrity": "sha1-lxgyRjSAb8dbxPj15R9X2dZmBuc=",
      "requires": {
        "buffer-crc32": "0.2.1",
        "debug": "0.8.0",
        "fresh": "~0.2.1",
        "mime": "1.2.11",
        "range-parser": "~1.0.0"
      },
      "dependencies": {
        "debug": {
          "version": "0.8.0",
          "resolved": "http://registry.npm.taobao.org/debug/download/debug-0.8.0.tgz",
          "integrity": "sha1-BUHqkfDlA/3wxe7UGKMlUCNJZ/A="
        }
      }
    },
    "serve-index": {
      "version": "1.0.1",
      "resolved": "http://registry.npm.taobao.org/serve-index/download/serve-index-1.0.1.tgz",
      "integrity": "sha1-J4Lujt5szKrlSVeWLEcV6M4ZIaY=",
      "requires": {
        "batch": "0.5.0",
        "negotiator": "0.4.2"
      },
      "dependencies": {
        "negotiator": {
          "version": "0.4.2",
          "resolved": "http://registry.npm.taobao.org/negotiator/download/negotiator-0.4.2.tgz",
          "integrity": "sha1-jEPqfkxA3f5Aw8AjTE73dQC4/Tc="
        }
      }
    },
    "serve-static": {
      "version": "1.1.0",
      "resolved": "http://registry.npm.taobao.org/serve-static/download/serve-static-1.1.0.tgz",
      "integrity": "sha1-RU36Bbs93U5wGokVuDoniqkcVkM=",
      "requires": {
        "parseurl": "1.0.1",
        "send": "0.3.0"
      }
    },
    "setimmediate": {
      "version": "1.0.1",
      "resolved": "http://registry.npm.taobao.org/setimmediate/download/setimmediate-1.0.1.tgz",
      "integrity": "sha1-qcpWzL1qTDM0hV8GCrzezlxC67c="
    },
    "setprototypeof": {
      "version": "1.1.0",
      "resolved": "http://registry.npm.taobao.org/setprototypeof/download/setprototypeof-1.1.0.tgz",
      "integrity": "sha1-0L2FU2iHtv58DYGMuWLZ2RxU5lY="
    },
    "socket.io": {
      "version": "0.9.19",
      "resolved": "http://registry.npm.taobao.org/socket.io/download/socket.io-0.9.19.tgz",
      "integrity": "sha1-SQu1/Q3FTPAC7gTmf638Q7hIo48=",
      "requires": {
        "base64id": "0.1.0",
        "policyfile": "0.0.4",
        "redis": "0.7.3",
        "socket.io-client": "0.9.16"
      }
    },
    "socket.io-client": {
      "version": "0.9.16",
      "resolved": "http://registry.npm.taobao.org/socket.io-client/download/socket.io-client-0.9.16.tgz",
      "integrity": "sha1-TadRXF53MEHRtCOXBBW8xDDzX8Y=",
      "requires": {
        "active-x-obfuscator": "0.0.1",
        "uglify-js": "1.2.5",
        "ws": "0.4.x",
        "xmlhttprequest": "1.4.2"
      },
      "dependencies": {
        "uglify-js": {
          "version": "1.2.5",
          "resolved": "http://registry.npm.taobao.org/uglify-js/download/uglify-js-1.2.5.tgz?cache=0&other_urls=http%3A%2F%2Fregistry.npm.taobao.org%2Fuglify-js%2Fdownload%2Fuglify-js-1.2.5.tgz",
          "integrity": "sha1-tULCx29477NLIAsgF3Y0Mw/3ArY="
        }
      }
    },
    "source-map": {
      "version": "0.1.34",
      "resolved": "http://registry.npm.taobao.org/source-map/download/source-map-0.1.34.tgz",
      "integrity": "sha1-p8/omux7FoLDsZjQrPtH19CQVms=",
      "requires": {
        "amdefine": ">=0.0.4"
      }
    },
    "static-favicon": {
      "version": "1.0.2",
      "resolved": "http://registry.npm.taobao.org/static-favicon/download/static-favicon-1.0.2.tgz",
      "integrity": "sha1-fBWSDdor8z9BSw5grrvWXN0qHS8="
    },
    "statuses": {
      "version": "1.4.0",
      "resolved": "http://registry.npm.taobao.org/statuses/download/statuses-1.4.0.tgz",
      "integrity": "sha1-u3PURtonlhBu/MG2AaJT1sRr0Ic="
    },
    "stream-counter": {
      "version": "0.2.0",
      "resolved": "http://registry.npm.taobao.org/stream-counter/download/stream-counter-0.2.0.tgz",
      "integrity": "sha1-3tJmVWMZyLDiIoErnPOyb6fZR94=",
      "requires": {
        "readable-stream": "~1.1.8"
      }
    },
    "string_decoder": {
      "version": "0.10.31",
      "resolved": "http://registry.npm.taobao.org/string_decoder/download/string_decoder-0.10.31.tgz",
      "integrity": "sha1-YuIDvEF2bGwoyfyEMB2rHFMQ+pQ="
    },
    "superagent": {
      "version": "0.3.0",
      "resolved": "http://registry.npm.taobao.org/superagent/download/superagent-0.3.0.tgz?cache=0&other_urls=http%3A%2F%2Fregistry.npm.taobao.org%2Fsuperagent%2Fdownload%2Fsuperagent-0.3.0.tgz",
      "integrity": "sha1-rf8+GVLGjwkQThAScovmmX5oHfQ=",
      "requires": {
        "qs": "0.3.2"
      },
      "dependencies": {
        "qs": {
          "version": "0.3.2",
          "resolved": "http://registry.npm.taobao.org/qs/download/qs-0.3.2.tgz",
          "integrity": "sha1-CZ30RMq5R7utsr/t2lbTNRnWgVw="
        }
      }
    },
    "tinycolor": {
      "version": "0.0.1",
      "resolved": "http://registry.npm.taobao.org/tinycolor/download/tinycolor-0.0.1.tgz",
      "integrity": "sha1-MgtaUtg6u1l42Bo+iH1K77FaYWQ="
    },
    "transformers": {
      "version": "2.1.0",
      "resolved": "http://registry.npm.taobao.org/transformers/download/transformers-2.1.0.tgz",
      "integrity": "sha1-XSPLNVYd2F3Gf7hIIwm0fVPM6ac=",
      "requires": {
        "css": "~1.0.8",
        "promise": "~2.0",
        "uglify-js": "~2.2.5"
      },
      "dependencies": {
        "uglify-js": {
          "version": "2.2.5",
          "resolved": "http://registry.npm.taobao.org/uglify-js/download/uglify-js-2.2.5.tgz?cache=0&other_urls=http%3A%2F%2Fregistry.npm.taobao.org%2Fuglify-js%2Fdownload%2Fuglify-js-2.2.5.tgz",
          "integrity": "sha1-puAqcNg5eSuXgEiLe4sYTAlcmcc=",
          "requires": {
            "optimist": "~0.3.5",
            "source-map": "~0.1.7"
          }
        }
      }
    },
    "type-is": {
      "version": "1.6.16",
      "resolved": "http://registry.npm.taobao.org/type-is/download/type-is-1.6.16.tgz",
      "integrity": "sha1-+JzjQVQcZysl7nrjxz3uOyvlAZQ=",
      "requires": {
        "media-typer": "0.3.0",
        "mime-types": "~2.1.18"
      }
    },
    "uglify-js": {
      "version": "2.4.24",
      "resolved": "http://registry.npm.taobao.org/uglify-js/download/uglify-js-2.4.24.tgz?cache=0&other_urls=http%3A%2F%2Fregistry.npm.taobao.org%2Fuglify-js%2Fdownload%2Fuglify-js-2.4.24.tgz",
      "integrity": "sha1-+tV1XB4Vd2WLsG/5q25UjJW+vW4=",
      "requires": {
        "async": "~0.2.6",
        "source-map": "0.1.34",
        "uglify-to-browserify": "~1.0.0",
        "yargs": "~3.5.4"
      }
    },
    "uglify-to-browserify": {
      "version": "1.0.2",
      "resolved": "http://registry.npm.taobao.org/uglify-to-browserify/download/uglify-to-browserify-1.0.2.tgz",
      "integrity": "sha1-bgkk1r2mta/jSeOabWMoUKD4grc="
    },
    "uid2": {
      "version": "0.0.3",
      "resolved": "http://registry.npm.taobao.org/uid2/download/uid2-0.0.3.tgz",
      "integrity": "sha1-SDEm4Rd03y9xuLY53NeZw3YWK4I="
    },
    "underscore": {
      "version": "1.5.2",
      "resolved": "http://registry.npm.taobao.org/underscore/download/underscore-1.5.2.tgz",
      "integrity": "sha1-EzXF5PXm0zu7SwBrqMhqAPVW3gg="
    },
    "unpipe": {
      "version": "1.0.0",
      "resolved": "http://registry.npm.taobao.org/unpipe/download/unpipe-1.0.0.tgz",
      "integrity": "sha1-sr9O6FFKrmFltIF4KdIbLvSZBOw="
    },
    "utils-merge": {
      "version": "1.0.0",
      "resolved": "http://registry.npm.taobao.org/utils-merge/download/utils-merge-1.0.0.tgz",
      "integrity": "sha1-ApT7kiu5N1FTVBxPcJYjHyh8ivg="
    },
    "vary": {
      "version": "1.1.2",
      "resolved": "http://registry.npm.taobao.org/vary/download/vary-1.1.2.tgz",
      "integrity": "sha1-IpnwLG3tMNSllhsLn3RSShj2NPw="
    },
    "vhost": {
      "version": "1.0.0",
      "resolved": "http://registry.npm.taobao.org/vhost/download/vhost-1.0.0.tgz",
      "integrity": "sha1-ZUUT8omk+Jiqt0W71jPkAYDJxMA="
    },
    "websocket.io": {
      "version": "0.2.1",
      "resolved": "http://registry.npm.taobao.org/websocket.io/download/websocket.io-0.2.1.tgz",
      "integrity": "sha1-eerxdLkez6T78U/+JohxwFLkfSo=",
      "requires": {
        "debug": "*",
        "ws": "0.4.20"
      },
      "dependencies": {
        "commander": {
          "version": "0.6.1",
          "resolved": "http://registry.npm.taobao.org/commander/download/commander-0.6.1.tgz?cache=0&other_urls=http%3A%2F%2Fregistry.npm.taobao.org%2Fcommander%2Fdownload%2Fcommander-0.6.1.tgz",
          "integrity": "sha1-+mihT2qUXVTbvlDYzbMyDp47GgY="
        },
        "options": {
          "version": "0.0.6",
          "resolved": "http://registry.npm.taobao.org/options/download/options-0.0.6.tgz",
          "integrity": "sha1-7CLTEoBrtT5zF3Pnza788cZDEo8="
        },
        "ws": {
          "version": "0.4.20",
          "resolved": "http://registry.npm.taobao.org/ws/download/ws-0.4.20.tgz",
          "integrity": "sha1-9Etj9Gue38RXMJxyC8wPg/L8WHQ=",
          "requires": {
            "commander": "~0.6.1",
            "options": "^0.0.6",
            "tinycolor": "0.x"
          }
        }
      }
    },
    "window-size": {
      "version": "0.1.0",
      "resolved": "http://registry.npm.taobao.org/window-size/download/window-size-0.1.0.tgz",
      "integrity": "sha1-VDjNLqk7IC76Ohn+iIeu58lPnJ0="
    },
    "with": {
      "version": "3.0.1",
      "resolved": "http://registry.npm.taobao.org/with/download/with-3.0.1.tgz",
      "integrity": "sha1-CDVNpBAkPPYXP7FCuwTmxm+W+FQ=",
      "requires": {
        "uglify-js": "~2.4.12"
      }
    },
    "wordwrap": {
      "version": "0.0.2",
      "resolved": "http://registry.npm.taobao.org/wordwrap/download/wordwrap-0.0.2.tgz",
      "integrity": "sha1-t5Zpu0LstAn4PVg8rVLKF+qhZD8="
    },
    "ws": {
      "version": "0.4.32",
      "resolved": "http://registry.npm.taobao.org/ws/download/ws-0.4.32.tgz",
      "integrity": "sha1-eHphVEFPPJntg8V3IVOyD+sM7DI=",
      "requires": {
        "commander": "~2.1.0",
        "nan": "~1.0.0",
        "options": ">=0.0.5",
        "tinycolor": "0.x"
      }
    },
    "xmlhttprequest": {
      "version": "1.4.2",
      "resolved": "http://registry.npm.taobao.org/xmlhttprequest/download/xmlhttprequest-1.4.2.tgz",
      "integrity": "sha1-AUU6HZvtHo8XL2SVu/TIxCYyFQA="
    },
    "yargs": {
      "version": "3.5.4",
      "resolved": "http://registry.npm.taobao.org/yargs/download/yargs-3.5.4.tgz",
      "integrity": "sha1-2K/49mXpTDS9JZvevRv68N3TU2E=",
      "requires": {
        "camelcase": "^1.0.2",
        "decamelize": "^1.0.0",
        "window-size": "0.1.0",
        "wordwrap": "0.0.2"
      }
    },
    "zeparser": {
      "version": "0.0.5",
      "resolved": "http://registry.npm.taobao.org/zeparser/download/zeparser-0.0.5.tgz",
      "integrity": "sha1-A3JlYbwmjy5URPVMZlt/1KjAKeI="
    }
  }
}
