{
  "name": "fileserver",
  "version": "1.0.0",
  "lockfileVersion": 1,
  "requires": true,
  "dependencies": {
    "ansi-regex": {
      "version": "3.0.0",
      "resolved": "http://rnpm.uyundev.cn/ansi-regex/download/ansi-regex-3.0.0.tgz",
      "integrity": "sha1-7QMXwyIGT3lGbAKWa922Bas32Zg="
    },
    "ansi-styles": {
      "version": "2.2.1",
      "resolved": "http://rnpm.uyundev.cn/ansi-styles/download/ansi-styles-2.2.1.tgz",
      "integrity": "sha1-tDLdM1i2NM914eRmQ2gkBTPB3b4="
    },
    "babel-code-frame": {
      "version": "6.26.0",
      "resolved": "http://rnpm.uyundev.cn/babel-code-frame/download/babel-code-frame-6.26.0.tgz",
      "integrity": "sha1-Y/1D99weO7fONZR9uP42mj9Yx0s=",
      "requires": {
        "chalk": "^1.1.3",
        "esutils": "^2.0.2",
        "js-tokens": "^3.0.2"
      }
    },
    "babel-helper-builder-react-jsx": {
      "version": "6.26.0",
      "resolved": "http://rnpm.uyundev.cn/babel-helper-builder-react-jsx/download/babel-helper-builder-react-jsx-6.26.0.tgz",
      "integrity": "sha1-Of+DE7dci2Xc7/HzHTg+D/KkCKA=",
      "requires": {
        "babel-runtime": "^6.26.0",
        "babel-types": "^6.26.0",
        "esutils": "^2.0.2"
      }
    },
    "babel-helper-call-delegate": {
      "version": "6.24.1",
      "resolved": "http://rnpm.uyundev.cn/babel-helper-call-delegate/download/babel-helper-call-delegate-6.24.1.tgz",
      "integrity": "sha1-7Oaqzdx25Bw0YfiL/Fdb0Nqi340=",
      "requires": {
        "babel-helper-hoist-variables": "^6.24.1",
        "babel-runtime": "^6.22.0",
        "babel-traverse": "^6.24.1",
        "babel-types": "^6.24.1"
      }
    },
    "babel-helper-define-map": {
      "version": "6.26.0",
      "resolved": "http://rnpm.uyundev.cn/babel-helper-define-map/download/babel-helper-define-map-6.26.0.tgz",
      "integrity": "sha1-pfVtq0GiX5fstJjH66ypgZ+Vvl8=",
      "requires": {
        "babel-helper-function-name": "^6.24.1",
        "babel-runtime": "^6.26.0",
        "babel-types": "^6.26.0",
        "lodash": "^4.17.4"
      }
    },
    "babel-helper-function-name": {
      "version": "6.24.1",
      "resolved": "http://rnpm.uyundev.cn/babel-helper-function-name/download/babel-helper-function-name-6.24.1.tgz",
      "integrity": "sha1-00dbjAPtmCQqJbSDUasYOZ01gKk=",
      "requires": {
        "babel-helper-get-function-arity": "^6.24.1",
        "babel-runtime": "^6.22.0",
        "babel-template": "^6.24.1",
        "babel-traverse": "^6.24.1",
        "babel-types": "^6.24.1"
      }
    },
    "babel-helper-get-function-arity": {
      "version": "6.24.1",
      "resolved": "http://rnpm.uyundev.cn/babel-helper-get-function-arity/download/babel-helper-get-function-arity-6.24.1.tgz",
      "integrity": "sha1-j3eCqpNAfEHTqlCQj4mwMbG2hT0=",
      "requires": {
        "babel-runtime": "^6.22.0",
        "babel-types": "^6.24.1"
      }
    },
    "babel-helper-hoist-variables": {
      "version": "6.24.1",
      "resolved": "http://rnpm.uyundev.cn/babel-helper-hoist-variables/download/babel-helper-hoist-variables-6.24.1.tgz",
      "integrity": "sha1-HssnaJydJVE+rbyZFKc/VAi+enY=",
      "requires": {
        "babel-runtime": "^6.22.0",
        "babel-types": "^6.24.1"
      }
    },
    "babel-helper-optimise-call-expression": {
      "version": "6.24.1",
      "resolved": "http://rnpm.uyundev.cn/babel-helper-optimise-call-expression/download/babel-helper-optimise-call-expression-6.24.1.tgz",
      "integrity": "sha1-96E0J7qfc/j0+pk8VKl4gtEkQlc=",
      "requires": {
        "babel-runtime": "^6.22.0",
        "babel-types": "^6.24.1"
      }
    },
    "babel-helper-regex": {
      "version": "6.26.0",
      "resolved": "http://rnpm.uyundev.cn/babel-helper-regex/download/babel-helper-regex-6.26.0.tgz",
      "integrity": "sha1-MlxZ+QL4LyS3T6zu0DY5VPZJXnI=",
      "requires": {
        "babel-runtime": "^6.26.0",
        "babel-types": "^6.26.0",
        "lodash": "^4.17.4"
      }
    },
    "babel-helper-replace-supers": {
      "version": "6.24.1",
      "resolved": "http://rnpm.uyundev.cn/babel-helper-replace-supers/download/babel-helper-replace-supers-6.24.1.tgz",
      "integrity": "sha1-v22/5Dk40XNpohPKiov3S2qQqxo=",
      "requires": {
        "babel-helper-optimise-call-expression": "^6.24.1",
        "babel-messages": "^6.23.0",
        "babel-runtime": "^6.22.0",
        "babel-template": "^6.24.1",
        "babel-traverse": "^6.24.1",
        "babel-types": "^6.24.1"
      }
    },
    "babel-messages": {
      "version": "6.23.0",
      "resolved": "http://rnpm.uyundev.cn/babel-messages/download/babel-messages-6.23.0.tgz",
      "integrity": "sha1-8830cDhYA1sqKVHG7F7fbGLyYw4=",
      "requires": {
        "babel-runtime": "^6.22.0"
      }
    },
    "babel-plugin-check-es2015-constants": {
      "version": "6.22.0",
      "resolved": "http://rnpm.uyundev.cn/babel-plugin-check-es2015-constants/download/babel-plugin-check-es2015-constants-6.22.0.tgz",
      "integrity": "sha1-NRV7EBQm/S/9PaP3XH0ekYNbv4o=",
      "requires": {
        "babel-runtime": "^6.22.0"
      }
    },
    "babel-plugin-syntax-flow": {
      "version": "6.18.0",
      "resolved": "http://rnpm.uyundev.cn/babel-plugin-syntax-flow/download/babel-plugin-syntax-flow-6.18.0.tgz",
      "integrity": "sha1-TDqyCiryaqIM0lmVw5jE63AxDI0="
    },
    "babel-plugin-syntax-jsx": {
      "version": "6.18.0",
      "resolved": "http://rnpm.uyundev.cn/babel-plugin-syntax-jsx/download/babel-plugin-syntax-jsx-6.18.0.tgz",
      "integrity": "sha1-CvMqmm4Tyno/1QaeYtew9Y0NiUY="
    },
    "babel-plugin-transform-es2015-arrow-functions": {
      "version": "6.22.0",
      "resolved": "http://rnpm.uyundev.cn/babel-plugin-transform-es2015-arrow-functions/download/babel-plugin-transform-es2015-arrow-functions-6.22.0.tgz",
      "integrity": "sha1-RSaSy3EdX3ncf4XkQM5BufJE0iE=",
      "requires": {
        "babel-runtime": "^6.22.0"
      }
    },
    "babel-plugin-transform-es2015-block-scoped-functions": {
      "version": "6.22.0",
      "resolved": "http://rnpm.uyundev.cn/babel-plugin-transform-es2015-block-scoped-functions/download/babel-plugin-transform-es2015-block-scoped-functions-6.22.0.tgz",
      "integrity": "sha1-u8UbSflk1wy42OC5ToICRs46YUE=",
      "requires": {
        "babel-runtime": "^6.22.0"
      }
    },
    "babel-plugin-transform-es2015-block-scoping": {
      "version": "6.26.0",
      "resolved": "http://rnpm.uyundev.cn/babel-plugin-transform-es2015-block-scoping/download/babel-plugin-transform-es2015-block-scoping-6.26.0.tgz",
      "integrity": "sha1-1w9SmcEwjQXBL0Y4E7CgnnOxiV8=",
      "requires": {
        "babel-runtime": "^6.26.0",
        "babel-template": "^6.26.0",
        "babel-traverse": "^6.26.0",
        "babel-types": "^6.26.0",
        "lodash": "^4.17.4"
      }
    },
    "babel-plugin-transform-es2015-classes": {
      "version": "6.24.1",
      "resolved": "http://rnpm.uyundev.cn/babel-plugin-transform-es2015-classes/download/babel-plugin-transform-es2015-classes-6.24.1.tgz",
      "integrity": "sha1-WkxYpQyclGHlZLSyo7+ryXolhNs=",
      "requires": {
        "babel-helper-define-map": "^6.24.1",
        "babel-helper-function-name": "^6.24.1",
        "babel-helper-optimise-call-expression": "^6.24.1",
        "babel-helper-replace-supers": "^6.24.1",
        "babel-messages": "^6.23.0",
        "babel-runtime": "^6.22.0",
        "babel-template": "^6.24.1",
        "babel-traverse": "^6.24.1",
        "babel-types": "^6.24.1"
      }
    },
    "babel-plugin-transform-es2015-computed-properties": {
      "version": "6.24.1",
      "resolved": "http://rnpm.uyundev.cn/babel-plugin-transform-es2015-computed-properties/download/babel-plugin-transform-es2015-computed-properties-6.24.1.tgz",
      "integrity": "sha1-b+Ko0WiV1WNPTNmZttNICjCBWbM=",
      "requires": {
        "babel-runtime": "^6.22.0",
        "babel-template": "^6.24.1"
      }
    },
    "babel-plugin-transform-es2015-destructuring": {
      "version": "6.23.0",
      "resolved": "http://rnpm.uyundev.cn/babel-plugin-transform-es2015-destructuring/download/babel-plugin-transform-es2015-destructuring-6.23.0.tgz",
      "integrity": "sha1-mXux8auWf2gtKwh2/jWNYOdlxW0=",
      "requires": {
        "babel-runtime": "^6.22.0"
      }
    },
    "babel-plugin-transform-es2015-duplicate-keys": {
      "version": "6.24.1",
      "resolved": "http://rnpm.uyundev.cn/babel-plugin-transform-es2015-duplicate-keys/download/babel-plugin-transform-es2015-duplicate-keys-6.24.1.tgz",
      "integrity": "sha1-c+s9MQypaePvnskcU3QabxV2Qj4=",
      "requires": {
        "babel-runtime": "^6.22.0",
        "babel-types": "^6.24.1"
      }
    },
    "babel-plugin-transform-es2015-for-of": {
      "version": "6.23.0",
      "resolved": "http://rnpm.uyundev.cn/babel-plugin-transform-es2015-for-of/download/babel-plugin-transform-es2015-for-of-6.23.0.tgz",
      "integrity": "sha1-9HyVsrYT3x0+zC/bdXNiPHUkhpE=",
      "requires": {
        "babel-runtime": "^6.22.0"
      }
    },
    "babel-plugin-transform-es2015-function-name": {
      "version": "6.24.1",
      "resolved": "http://rnpm.uyundev.cn/babel-plugin-transform-es2015-function-name/download/babel-plugin-transform-es2015-function-name-6.24.1.tgz",
      "integrity": "sha1-g0yJhTvDaxrw86TF26qU/Y6sqos=",
      "requires": {
        "babel-helper-function-name": "^6.24.1",
        "babel-runtime": "^6.22.0",
        "babel-types": "^6.24.1"
      }
    },
    "babel-plugin-transform-es2015-literals": {
      "version": "6.22.0",
      "resolved": "http://rnpm.uyundev.cn/babel-plugin-transform-es2015-literals/download/babel-plugin-transform-es2015-literals-6.22.0.tgz",
      "integrity": "sha1-T1SgLWzWbPkVKAAZox0xklN3yi4=",
      "requires": {
        "babel-runtime": "^6.22.0"
      }
    },
    "babel-plugin-transform-es2015-modules-amd": {
      "version": "6.24.1",
      "resolved": "http://rnpm.uyundev.cn/babel-plugin-transform-es2015-modules-amd/download/babel-plugin-transform-es2015-modules-amd-6.24.1.tgz",
      "integrity": "sha1-Oz5UAXI5hC1tGcMBHEvS8AoA0VQ=",
      "requires": {
        "babel-plugin-transform-es2015-modules-commonjs": "^6.24.1",
        "babel-runtime": "^6.22.0",
        "babel-template": "^6.24.1"
      }
    },
    "babel-plugin-transform-es2015-modules-commonjs": {
      "version": "6.26.2",
      "resolved": "http://rnpm.uyundev.cn/babel-plugin-transform-es2015-modules-commonjs/download/babel-plugin-transform-es2015-modules-commonjs-6.26.2.tgz",
      "integrity": "sha1-WKeThjqefKhwvcWogRF/+sJ9tvM=",
      "requires": {
        "babel-plugin-transform-strict-mode": "^6.24.1",
        "babel-runtime": "^6.26.0",
        "babel-template": "^6.26.0",
        "babel-types": "^6.26.0"
      }
    },
    "babel-plugin-transform-es2015-modules-systemjs": {
      "version": "6.24.1",
      "resolved": "http://rnpm.uyundev.cn/babel-plugin-transform-es2015-modules-systemjs/download/babel-plugin-transform-es2015-modules-systemjs-6.24.1.tgz",
      "integrity": "sha1-/4mhQrkRmpBhlfXxBuzzBdlAfSM=",
      "requires": {
        "babel-helper-hoist-variables": "^6.24.1",
        "babel-runtime": "^6.22.0",
        "babel-template": "^6.24.1"
      }
    },
    "babel-plugin-transform-es2015-modules-umd": {
      "version": "6.24.1",
      "resolved": "http://rnpm.uyundev.cn/babel-plugin-transform-es2015-modules-umd/download/babel-plugin-transform-es2015-modules-umd-6.24.1.tgz",
      "integrity": "sha1-rJl+YoXNGO1hdq22B9YCNErThGg=",
      "requires": {
        "babel-plugin-transform-es2015-modules-amd": "^6.24.1",
        "babel-runtime": "^6.22.0",
        "babel-template": "^6.24.1"
      }
    },
    "babel-plugin-transform-es2015-object-super": {
      "version": "6.24.1",
      "resolved": "http://rnpm.uyundev.cn/babel-plugin-transform-es2015-object-super/download/babel-plugin-transform-es2015-object-super-6.24.1.tgz",
      "integrity": "sha1-JM72muIcuDp/hgPa0CH1cusnj40=",
      "requires": {
        "babel-helper-replace-supers": "^6.24.1",
        "babel-runtime": "^6.22.0"
      }
    },
    "babel-plugin-transform-es2015-parameters": {
      "version": "6.24.1",
      "resolved": "http://rnpm.uyundev.cn/babel-plugin-transform-es2015-parameters/download/babel-plugin-transform-es2015-parameters-6.24.1.tgz",
      "integrity": "sha1-V6w1GrScrxSpfNE7CfZv3wpiXys=",
      "requires": {
        "babel-helper-call-delegate": "^6.24.1",
        "babel-helper-get-function-arity": "^6.24.1",
        "babel-runtime": "^6.22.0",
        "babel-template": "^6.24.1",
        "babel-traverse": "^6.24.1",
        "babel-types": "^6.24.1"
      }
    },
    "babel-plugin-transform-es2015-shorthand-properties": {
      "version": "6.24.1",
      "resolved": "http://rnpm.uyundev.cn/babel-plugin-transform-es2015-shorthand-properties/download/babel-plugin-transform-es2015-shorthand-properties-6.24.1.tgz",
      "integrity": "sha1-JPh11nIch2YbvZmkYi5R8U3jiqA=",
      "requires": {
        "babel-runtime": "^6.22.0",
        "babel-types": "^6.24.1"
      }
    },
    "babel-plugin-transform-es2015-spread": {
      "version": "6.22.0",
      "resolved": "http://rnpm.uyundev.cn/babel-plugin-transform-es2015-spread/download/babel-plugin-transform-es2015-spread-6.22.0.tgz",
      "integrity": "sha1-1taKmfia7cRTbIGlQujdnxdG+NE=",
      "requires": {
        "babel-runtime": "^6.22.0"
      }
    },
    "babel-plugin-transform-es2015-sticky-regex": {
      "version": "6.24.1",
      "resolved": "http://rnpm.uyundev.cn/babel-plugin-transform-es2015-sticky-regex/download/babel-plugin-transform-es2015-sticky-regex-6.24.1.tgz",
      "integrity": "sha1-AMHNsaynERLN8M9hJsLta0V8zbw=",
      "requires": {
        "babel-helper-regex": "^6.24.1",
        "babel-runtime": "^6.22.0",
        "babel-types": "^6.24.1"
      }
    },
    "babel-plugin-transform-es2015-template-literals": {
      "version": "6.22.0",
      "resolved": "http://rnpm.uyundev.cn/babel-plugin-transform-es2015-template-literals/download/babel-plugin-transform-es2015-template-literals-6.22.0.tgz",
      "integrity": "sha1-qEs0UPfp+PH2g51taH2oS7EjbY0=",
      "requires": {
        "babel-runtime": "^6.22.0"
      }
    },
    "babel-plugin-transform-es2015-typeof-symbol": {
      "version": "6.23.0",
      "resolved": "http://rnpm.uyundev.cn/babel-plugin-transform-es2015-typeof-symbol/download/babel-plugin-transform-es2015-typeof-symbol-6.23.0.tgz",
      "integrity": "sha1-3sCfHN3/lLUqxz1QXITfWdzOs3I=",
      "requires": {
        "babel-runtime": "^6.22.0"
      }
    },
    "babel-plugin-transform-es2015-unicode-regex": {
      "version": "6.24.1",
      "resolved": "http://rnpm.uyundev.cn/babel-plugin-transform-es2015-unicode-regex/download/babel-plugin-transform-es2015-unicode-regex-6.24.1.tgz",
      "integrity": "sha1-04sS9C6nMj9yk4fxinxa4frrNek=",
      "requires": {
        "babel-helper-regex": "^6.24.1",
        "babel-runtime": "^6.22.0",
        "regexpu-core": "^2.0.0"
      }
    },
    "babel-plugin-transform-flow-strip-types": {
      "version": "6.22.0",
      "resolved": "http://rnpm.uyundev.cn/babel-plugin-transform-flow-strip-types/download/babel-plugin-transform-flow-strip-types-6.22.0.tgz",
      "integrity": "sha1-hMtnKTXUNxT9wyvOhFaNh0Qc988=",
      "requires": {
        "babel-plugin-syntax-flow": "^6.18.0",
        "babel-runtime": "^6.22.0"
      }
    },
    "babel-plugin-transform-react-display-name": {
      "version": "6.25.0",
      "resolved": "http://rnpm.uyundev.cn/babel-plugin-transform-react-display-name/download/babel-plugin-transform-react-display-name-6.25.0.tgz",
      "integrity": "sha1-Z+K/Hx6ck6sI25Z5LgU5K/LMKNE=",
      "requires": {
        "babel-runtime": "^6.22.0"
      }
    },
    "babel-plugin-transform-react-jsx": {
      "version": "6.24.1",
      "resolved": "http://rnpm.uyundev.cn/babel-plugin-transform-react-jsx/download/babel-plugin-transform-react-jsx-6.24.1.tgz",
      "integrity": "sha1-hAoCjn30YN/DotKfDA2R9jduZqM=",
      "requires": {
        "babel-helper-builder-react-jsx": "^6.24.1",
        "babel-plugin-syntax-jsx": "^6.8.0",
        "babel-runtime": "^6.22.0"
      }
    },
    "babel-plugin-transform-react-jsx-self": {
      "version": "6.22.0",
      "resolved": "http://rnpm.uyundev.cn/babel-plugin-transform-react-jsx-self/download/babel-plugin-transform-react-jsx-self-6.22.0.tgz",
      "integrity": "sha1-322AqdomEqEh5t3XVYvL7PBuY24=",
      "requires": {
        "babel-plugin-syntax-jsx": "^6.8.0",
        "babel-runtime": "^6.22.0"
      }
    },
    "babel-plugin-transform-react-jsx-source": {
      "version": "6.22.0",
      "resolved": "http://rnpm.uyundev.cn/babel-plugin-transform-react-jsx-source/download/babel-plugin-transform-react-jsx-source-6.22.0.tgz",
      "integrity": "sha1-ZqwSFT9c0tF7PBkmj0vwGX9E7NY=",
      "requires": {
        "babel-plugin-syntax-jsx": "^6.8.0",
        "babel-runtime": "^6.22.0"
      }
    },
    "babel-plugin-transform-regenerator": {
      "version": "6.26.0",
      "resolved": "http://rnpm.uyundev.cn/babel-plugin-transform-regenerator/download/babel-plugin-transform-regenerator-6.26.0.tgz",
      "integrity": "sha1-4HA2lvveJ/Cj78rPi03KL3s6jy8=",
      "requires": {
        "regenerator-transform": "^0.10.0"
      }
    },
    "babel-plugin-transform-strict-mode": {
      "version": "6.24.1",
      "resolved": "http://rnpm.uyundev.cn/babel-plugin-transform-strict-mode/download/babel-plugin-transform-strict-mode-6.24.1.tgz",
      "integrity": "sha1-1fr3qleKZbvlkc9e2uBKDGcCB1g=",
      "requires": {
        "babel-runtime": "^6.22.0",
        "babel-types": "^6.24.1"
      }
    },
    "babel-preset-es2015": {
      "version": "6.24.1",
      "resolved": "http://rnpm.uyundev.cn/babel-preset-es2015/download/babel-preset-es2015-6.24.1.tgz",
      "integrity": "sha1-1EBQ1rwsn+6nAqrzjXJ6AhBTiTk=",
      "requires": {
        "babel-plugin-check-es2015-constants": "^6.22.0",
        "babel-plugin-transform-es2015-arrow-functions": "^6.22.0",
        "babel-plugin-transform-es2015-block-scoped-functions": "^6.22.0",
        "babel-plugin-transform-es2015-block-scoping": "^6.24.1",
        "babel-plugin-transform-es2015-classes": "^6.24.1",
        "babel-plugin-transform-es2015-computed-properties": "^6.24.1",
        "babel-plugin-transform-es2015-destructuring": "^6.22.0",
        "babel-plugin-transform-es2015-duplicate-keys": "^6.24.1",
        "babel-plugin-transform-es2015-for-of": "^6.22.0",
        "babel-plugin-transform-es2015-function-name": "^6.24.1",
        "babel-plugin-transform-es2015-literals": "^6.22.0",
        "babel-plugin-transform-es2015-modules-amd": "^6.24.1",
        "babel-plugin-transform-es2015-modules-commonjs": "^6.24.1",
        "babel-plugin-transform-es2015-modules-systemjs": "^6.24.1",
        "babel-plugin-transform-es2015-modules-umd": "^6.24.1",
        "babel-plugin-transform-es2015-object-super": "^6.24.1",
        "babel-plugin-transform-es2015-parameters": "^6.24.1",
        "babel-plugin-transform-es2015-shorthand-properties": "^6.24.1",
        "babel-plugin-transform-es2015-spread": "^6.22.0",
        "babel-plugin-transform-es2015-sticky-regex": "^6.24.1",
        "babel-plugin-transform-es2015-template-literals": "^6.22.0",
        "babel-plugin-transform-es2015-typeof-symbol": "^6.22.0",
        "babel-plugin-transform-es2015-unicode-regex": "^6.24.1",
        "babel-plugin-transform-regenerator": "^6.24.1"
      }
    },
    "babel-preset-flow": {
      "version": "6.23.0",
      "resolved": "http://rnpm.uyundev.cn/babel-preset-flow/download/babel-preset-flow-6.23.0.tgz",
      "integrity": "sha1-5xIYiHCFrpoktb5Baa/7WZgWxJ0=",
      "requires": {
        "babel-plugin-transform-flow-strip-types": "^6.22.0"
      }
    },
    "babel-preset-react": {
      "version": "6.24.1",
      "resolved": "http://rnpm.uyundev.cn/babel-preset-react/download/babel-preset-react-6.24.1.tgz",
      "integrity": "sha1-umnfrqRfw+xjm2pOzqbhdwLJE4A=",
      "requires": {
        "babel-plugin-syntax-jsx": "^6.3.13",
        "babel-plugin-transform-react-display-name": "^6.23.0",
        "babel-plugin-transform-react-jsx": "^6.24.1",
        "babel-plugin-transform-react-jsx-self": "^6.22.0",
        "babel-plugin-transform-react-jsx-source": "^6.22.0",
        "babel-preset-flow": "^6.23.0"
      }
    },
    "babel-preset-test-zsfblank": {
      "version": "1.0.0",
      "resolved": "https://registry.npmjs.org/babel-preset-test-zsfblank/-/babel-preset-test-zsfblank-1.0.0.tgz",
      "integrity": "sha512-P4cvJp7KSS9wsIPOpIqeyK8kuqHiuFiLC0khzVhhrsmqfOjctXiOLSk+fNoy0ykSGgYtMWiChxng49QBuQlQww==",
      "requires": {
        "babel-plugin-transform-flow-strip-types": "^6.3.15",
        "babel-preset-es2015": "^6.3.13",
        "babel-preset-react": "^6.3.13"
      }
    },
    "babel-runtime": {
      "version": "6.26.0",
      "resolved": "http://rnpm.uyundev.cn/babel-runtime/download/babel-runtime-6.26.0.tgz",
      "integrity": "sha1-llxwWGaOgrVde/4E/yM3vItWR/4=",
      "requires": {
        "core-js": "^2.4.0",
        "regenerator-runtime": "^0.11.0"
      }
    },
    "babel-template": {
      "version": "6.26.0",
      "resolved": "http://rnpm.uyundev.cn/babel-template/download/babel-template-6.26.0.tgz",
      "integrity": "sha1-3gPi0WOWsGn0bdn/+FIfsaDjXgI=",
      "requires": {
        "babel-runtime": "^6.26.0",
        "babel-traverse": "^6.26.0",
        "babel-types": "^6.26.0",
        "babylon": "^6.18.0",
        "lodash": "^4.17.4"
      }
    },
    "babel-traverse": {
      "version": "6.26.0",
      "resolved": "http://rnpm.uyundev.cn/babel-traverse/download/babel-traverse-6.26.0.tgz",
      "integrity": "sha1-RqnL1+3MYsjlwGTi0tjQ9ANXZu4=",
      "requires": {
        "babel-code-frame": "^6.26.0",
        "babel-messages": "^6.23.0",
        "babel-runtime": "^6.26.0",
        "babel-types": "^6.26.0",
        "babylon": "^6.18.0",
        "debug": "^2.6.8",
        "globals": "^9.18.0",
        "invariant": "^2.2.2",
        "lodash": "^4.17.4"
      }
    },
    "babel-types": {
      "version": "6.26.0",
      "resolved": "http://rnpm.uyundev.cn/babel-types/download/babel-types-6.26.0.tgz",
      "integrity": "sha1-o7Bz+Uq0nrb6Vc1lInozQ4BjJJc=",
      "requires": {
        "babel-runtime": "^6.26.0",
        "esutils": "^2.0.2",
        "lodash": "^4.17.4",
        "to-fast-properties": "^1.0.3"
      }
    },
    "babylon": {
      "version": "6.18.0",
      "resolved": "http://rnpm.uyundev.cn/babylon/download/babylon-6.18.0.tgz",
      "integrity": "sha1-ry87iPpvXB5MY00aD46sT1WzleM="
    },
    "camelcase": {
      "version": "4.1.0",
      "resolved": "http://rnpm.uyundev.cn/camelcase/download/camelcase-4.1.0.tgz",
      "integrity": "sha1-1UVjW+HjPFQmScaRc+Xeas+uNN0="
    },
    "chalk": {
      "version": "1.1.3",
      "resolved": "http://rnpm.uyundev.cn/chalk/download/chalk-1.1.3.tgz",
      "integrity": "sha1-qBFcVeSnAv5NFQq9OHKCKn4J/Jg=",
      "requires": {
        "ansi-styles": "^2.2.1",
        "escape-string-regexp": "^1.0.2",
        "has-ansi": "^2.0.0",
        "strip-ansi": "^3.0.0",
        "supports-color": "^2.0.0"
      },
      "dependencies": {
        "ansi-regex": {
          "version": "2.1.1",
          "resolved": "http://rnpm.uyundev.cn/ansi-regex/download/ansi-regex-2.1.1.tgz",
          "integrity": "sha1-w7M6te42DYbg5ijwRorn7yfWVN8="
        },
        "strip-ansi": {
          "version": "3.0.1",
          "resolved": "http://rnpm.uyundev.cn/strip-ansi/download/strip-ansi-3.0.1.tgz",
          "integrity": "sha1-ajhfuIU9lS1f8F0Oiq+UJ43GPc8=",
          "requires": {
            "ansi-regex": "^2.0.0"
          }
        }
      }
    },
    "cliui": {
      "version": "4.1.0",
      "resolved": "http://rnpm.uyundev.cn/cliui/download/cliui-4.1.0.tgz",
      "integrity": "sha1-NIQi2+gtgAswIu709qwQvy5NG0k=",
      "requires": {
        "string-width": "^2.1.1",
        "strip-ansi": "^4.0.0",
        "wrap-ansi": "^2.0.0"
      }
    },
    "code-point-at": {
      "version": "1.1.0",
      "resolved": "http://rnpm.uyundev.cn/code-point-at/download/code-point-at-1.1.0.tgz",
      "integrity": "sha1-DQcLTQQ6W+ozovGkDi7bPZpMz3c="
    },
    "commander": {
      "version": "2.20.0",
      "resolved": "http://rnpm.uyundev.cn/commander/download/commander-2.20.0.tgz",
      "integrity": "sha1-1YuytcHuj4ew00ACfp6U4iLFpCI=",
      "optional": true
    },
    "core-js": {
      "version": "2.6.9",
      "resolved": "http://rnpm.uyundev.cn/core-js/download/core-js-2.6.9.tgz",
      "integrity": "sha1-a0shRiDINBUuF5Mjcn/Bl0GwhPI="
    },
    "cross-spawn": {
      "version": "5.1.0",
      "resolved": "http://rnpm.uyundev.cn/cross-spawn/download/cross-spawn-5.1.0.tgz",
      "integrity": "sha1-6L0O/uWPz/b4+UUQoKVUu/ojVEk=",
      "requires": {
        "lru-cache": "^4.0.1",
        "shebang-command": "^1.2.0",
        "which": "^1.2.9"
      }
    },
    "debug": {
      "version": "2.6.9",
      "resolved": "http://rnpm.uyundev.cn/debug/download/debug-2.6.9.tgz",
      "integrity": "sha1-XRKFFd8TT/Mn6QpMk/Tgd6U2NB8=",
      "requires": {
        "ms": "2.0.0"
      }
    },
    "decamelize": {
      "version": "1.2.0",
      "resolved": "http://rnpm.uyundev.cn/decamelize/download/decamelize-1.2.0.tgz",
      "integrity": "sha1-9lNNFRSCabIDUue+4m9QH5oZEpA="
    },
    "escape-string-regexp": {
      "version": "1.0.5",
      "resolved": "http://rnpm.uyundev.cn/escape-string-regexp/download/escape-string-regexp-1.0.5.tgz",
      "integrity": "sha1-G2HAViGQqN/2rjuyzwIAyhMLhtQ="
    },
    "esutils": {
      "version": "2.0.2",
      "resolved": "http://rnpm.uyundev.cn/esutils/download/esutils-2.0.2.tgz",
      "integrity": "sha1-Cr9PHKpbyx96nYrMbepPqqBLrJs="
    },
    "execa": {
      "version": "0.7.0",
      "resolved": "http://rnpm.uyundev.cn/execa/download/execa-0.7.0.tgz",
      "integrity": "sha1-lEvs00zEHuMqY6n68nrVpl/Fl3c=",
      "requires": {
        "cross-spawn": "^5.0.1",
        "get-stream": "^3.0.0",
        "is-stream": "^1.1.0",
        "npm-run-path": "^2.0.0",
        "p-finally": "^1.0.0",
        "signal-exit": "^3.0.0",
        "strip-eof": "^1.0.0"
      }
    },
    "find-up": {
      "version": "2.1.0",
      "resolved": "http://rnpm.uyundev.cn/find-up/download/find-up-2.1.0.tgz",
      "integrity": "sha1-RdG35QbHF93UgndaK3eSCjwMV6c=",
      "requires": {
        "locate-path": "^2.0.0"
      }
    },
    "get-caller-file": {
      "version": "1.0.3",
      "resolved": "http://rnpm.uyundev.cn/get-caller-file/download/get-caller-file-1.0.3.tgz",
      "integrity": "sha1-+Xj6TJDR3+f/LWvtoqUV5xO9z0o="
    },
    "get-stream": {
      "version": "3.0.0",
      "resolved": "http://rnpm.uyundev.cn/get-stream/download/get-stream-3.0.0.tgz",
      "integrity": "sha1-jpQ9E1jcN1VQVOy+LtsFqhdO3hQ="
    },
    "globals": {
      "version": "9.18.0",
      "resolved": "http://rnpm.uyundev.cn/globals/download/globals-9.18.0.tgz",
      "integrity": "sha1-qjiWs+abSH8X4x7SFD1pqOMMLYo="
    },
    "handlebars": {
      "version": "4.1.2",
      "resolved": "http://rnpm.uyundev.cn/handlebars/download/handlebars-4.1.2.tgz",
      "integrity": "sha1-trN8HO0DBrIh4JT8eso+wjsTG2c=",
      "requires": {
        "neo-async": "^2.6.0",
        "optimist": "^0.6.1",
        "source-map": "^0.6.1",
        "uglify-js": "^3.1.4"
      }
    },
    "has-ansi": {
      "version": "2.0.0",
      "resolved": "http://rnpm.uyundev.cn/has-ansi/download/has-ansi-2.0.0.tgz",
      "integrity": "sha1-NPUEnOHs3ysGSa8+8k5F7TVBbZE=",
      "requires": {
        "ansi-regex": "^2.0.0"
      },
      "dependencies": {
        "ansi-regex": {
          "version": "2.1.1",
          "resolved": "http://rnpm.uyundev.cn/ansi-regex/download/ansi-regex-2.1.1.tgz",
          "integrity": "sha1-w7M6te42DYbg5ijwRorn7yfWVN8="
        }
      }
    },
    "invariant": {
      "version": "2.2.4",
      "resolved": "http://rnpm.uyundev.cn/invariant/download/invariant-2.2.4.tgz",
      "integrity": "sha1-YQ88ksk1nOHbYW5TgAjSP/NRWOY=",
      "requires": {
        "loose-envify": "^1.0.0"
      }
    },
    "invert-kv": {
      "version": "1.0.0",
      "resolved": "http://rnpm.uyundev.cn/invert-kv/download/invert-kv-1.0.0.tgz",
      "integrity": "sha1-EEqOSqym09jNFXqO+L+rLXo//bY="
    },
    "is-fullwidth-code-point": {
      "version": "2.0.0",
      "resolved": "http://rnpm.uyundev.cn/is-fullwidth-code-point/download/is-fullwidth-code-point-2.0.0.tgz",
      "integrity": "sha1-o7MKXE8ZkYMWeqq5O+764937ZU8="
    },
    "is-stream": {
      "version": "1.1.0",
      "resolved": "http://rnpm.uyundev.cn/is-stream/download/is-stream-1.1.0.tgz",
      "integrity": "sha1-EtSj3U5o4Lec6428hBc66A2RykQ="
    },
    "isexe": {
      "version": "2.0.0",
      "resolved": "http://rnpm.uyundev.cn/isexe/download/isexe-2.0.0.tgz",
      "integrity": "sha1-6PvzdNxVb/iUehDcsFctYz8s+hA="
    },
    "js-tokens": {
      "version": "3.0.2",
      "resolved": "http://rnpm.uyundev.cn/js-tokens/download/js-tokens-3.0.2.tgz",
      "integrity": "sha1-mGbfOVECEw449/mWvOtlRDIJwls="
    },
    "jsesc": {
      "version": "0.5.0",
      "resolved": "http://rnpm.uyundev.cn/jsesc/download/jsesc-0.5.0.tgz",
      "integrity": "sha1-597mbjXW/Bb3EP6R1c9p9w8IkR0="
    },
    "lcid": {
      "version": "1.0.0",
      "resolved": "http://rnpm.uyundev.cn/lcid/download/lcid-1.0.0.tgz",
      "integrity": "sha1-MIrMr6C8SDo4Z7S28rlQYlHRuDU=",
      "requires": {
        "invert-kv": "^1.0.0"
      }
    },
    "locate-path": {
      "version": "2.0.0",
      "resolved": "http://rnpm.uyundev.cn/locate-path/download/locate-path-2.0.0.tgz",
      "integrity": "sha1-K1aLJl7slExtnA3pw9u7ygNUzY4=",
      "requires": {
        "p-locate": "^2.0.0",
        "path-exists": "^3.0.0"
      }
    },
    "lodash": {
      "version": "4.17.11",
      "resolved": "http://rnpm.uyundev.cn/lodash/download/lodash-4.17.11.tgz",
      "integrity": "sha1-s56mIp72B+zYniyN8SU2iRysm40="
    },
    "loose-envify": {
      "version": "1.4.0",
      "resolved": "http://rnpm.uyundev.cn/loose-envify/download/loose-envify-1.4.0.tgz",
      "integrity": "sha1-ce5R+nvkyuwaY4OffmgtgTLTDK8=",
      "requires": {
        "js-tokens": "^3.0.0 || ^4.0.0"
      }
    },
    "lru-cache": {
      "version": "4.1.5",
      "resolved": "http://rnpm.uyundev.cn/lru-cache/download/lru-cache-4.1.5.tgz",
      "integrity": "sha1-i75Q6oW+1ZvJ4z3KuCNe6bz0Q80=",
      "requires": {
        "pseudomap": "^1.0.2",
        "yallist": "^2.1.2"
      }
    },
    "mem": {
      "version": "1.1.0",
      "resolved": "http://rnpm.uyundev.cn/mem/download/mem-1.1.0.tgz",
      "integrity": "sha1-Xt1StIXKHZAP5kiVUFOZoN+kX3Y=",
      "requires": {
        "mimic-fn": "^1.0.0"
      }
    },
    "mime": {
      "version": "2.4.3",
      "resolved": "http://rnpm.uyundev.cn/mime/download/mime-2.4.3.tgz",
      "integrity": "sha1-IpaHMx6G9okk5stZ4c3ZN/GCdf4="
    },
    "mimic-fn": {
      "version": "1.2.0",
      "resolved": "http://rnpm.uyundev.cn/mimic-fn/download/mimic-fn-1.2.0.tgz",
      "integrity": "sha1-ggyGo5M0ZA6ZUWkovQP8qIBX0CI="
    },
    "minimist": {
      "version": "0.0.10",
      "resolved": "http://rnpm.uyundev.cn/minimist/download/minimist-0.0.10.tgz",
      "integrity": "sha1-3j+YVD2/lggr5IrRoMfNqDYwHc8="
    },
    "ms": {
      "version": "2.0.0",
      "resolved": "http://rnpm.uyundev.cn/ms/download/ms-2.0.0.tgz",
      "integrity": "sha1-VgiurfwAvmwpAd9fmGF4jeDVl8g="
    },
    "neo-async": {
      "version": "2.6.1",
      "resolved": "http://rnpm.uyundev.cn/neo-async/download/neo-async-2.6.1.tgz",
      "integrity": "sha1-rCetpmFn+ohJpq3dg39rGJrSCBw="
    },
    "npm-run-path": {
      "version": "2.0.2",
      "resolved": "http://rnpm.uyundev.cn/npm-run-path/download/npm-run-path-2.0.2.tgz",
      "integrity": "sha1-NakjLfo11wZ7TLLd8jV7GHFTbF8=",
      "requires": {
        "path-key": "^2.0.0"
      }
    },
    "number-is-nan": {
      "version": "1.0.1",
      "resolved": "http://rnpm.uyundev.cn/number-is-nan/download/number-is-nan-1.0.1.tgz",
      "integrity": "sha1-CXtgK1NCKlIsGvuHkDGDNpQaAR0="
    },
    "optimist": {
      "version": "0.6.1",
      "resolved": "http://rnpm.uyundev.cn/optimist/download/optimist-0.6.1.tgz",
      "integrity": "sha1-2j6nRob6IaGaERwybpDrFaAZZoY=",
      "requires": {
        "minimist": "~0.0.1",
        "wordwrap": "~0.0.2"
      }
    },
    "os-locale": {
      "version": "2.1.0",
      "resolved": "http://rnpm.uyundev.cn/os-locale/download/os-locale-2.1.0.tgz",
      "integrity": "sha1-QrwpAKa1uL0XN2yOiCtlr8zyS/I=",
      "requires": {
        "execa": "^0.7.0",
        "lcid": "^1.0.0",
        "mem": "^1.1.0"
      }
    },
    "p-finally": {
      "version": "1.0.0",
      "resolved": "http://rnpm.uyundev.cn/p-finally/download/p-finally-1.0.0.tgz",
      "integrity": "sha1-P7z7FbiZpEEjs0ttzBi3JDNqLK4="
    },
    "p-limit": {
      "version": "1.3.0",
      "resolved": "http://rnpm.uyundev.cn/p-limit/download/p-limit-1.3.0.tgz",
      "integrity": "sha1-uGvV8MJWkJEcdZD8v8IBDVSzzLg=",
      "requires": {
        "p-try": "^1.0.0"
      }
    },
    "p-locate": {
      "version": "2.0.0",
      "resolved": "http://rnpm.uyundev.cn/p-locate/download/p-locate-2.0.0.tgz",
      "integrity": "sha1-IKAQOyIqcMj9OcwuWAaA893l7EM=",
      "requires": {
        "p-limit": "^1.1.0"
      }
    },
    "p-try": {
      "version": "1.0.0",
      "resolved": "http://rnpm.uyundev.cn/p-try/download/p-try-1.0.0.tgz",
      "integrity": "sha1-y8ec26+P1CKOE/Yh8rGiN8GyB7M="
    },
    "path-exists": {
      "version": "3.0.0",
      "resolved": "http://rnpm.uyundev.cn/path-exists/download/path-exists-3.0.0.tgz",
      "integrity": "sha1-zg6+ql94yxiSXqfYENe1mwEP1RU="
    },
    "path-key": {
      "version": "2.0.1",
      "resolved": "http://rnpm.uyundev.cn/path-key/download/path-key-2.0.1.tgz",
      "integrity": "sha1-QRyttXTFoUDTpLGRDUDYDMn0C0A="
    },
    "private": {
      "version": "0.1.8",
      "resolved": "http://rnpm.uyundev.cn/private/download/private-0.1.8.tgz",
      "integrity": "sha1-I4Hts2ifelPWUxkAYPz4ItLzaP8="
    },
    "pseudomap": {
      "version": "1.0.2",
      "resolved": "http://rnpm.uyundev.cn/pseudomap/download/pseudomap-1.0.2.tgz",
      "integrity": "sha1-8FKijacOYYkX7wqKw0wa5aaChrM="
    },
    "regenerate": {
      "version": "1.4.0",
      "resolved": "http://rnpm.uyundev.cn/regenerate/download/regenerate-1.4.0.tgz",
      "integrity": "sha1-SoVuxLVuQHfFV1icroXnpMiGmhE="
    },
    "regenerator-runtime": {
      "version": "0.11.1",
      "resolved": "http://rnpm.uyundev.cn/regenerator-runtime/download/regenerator-runtime-0.11.1.tgz",
      "integrity": "sha1-vgWtf5v30i4Fb5cmzuUBf78Z4uk="
    },
    "regenerator-transform": {
      "version": "0.10.1",
      "resolved": "http://rnpm.uyundev.cn/regenerator-transform/download/regenerator-transform-0.10.1.tgz",
      "integrity": "sha1-HkmWg3Ix2ot/PPQRTXG1aRoGgN0=",
      "requires": {
        "babel-runtime": "^6.18.0",
        "babel-types": "^6.19.0",
        "private": "^0.1.6"
      }
    },
    "regexpu-core": {
      "version": "2.0.0",
      "resolved": "http://rnpm.uyundev.cn/regexpu-core/download/regexpu-core-2.0.0.tgz",
      "integrity": "sha1-SdA4g3uNz4v6W5pCE5k45uoq4kA=",
      "requires": {
        "regenerate": "^1.2.1",
        "regjsgen": "^0.2.0",
        "regjsparser": "^0.1.4"
      }
    },
    "regjsgen": {
      "version": "0.2.0",
      "resolved": "http://rnpm.uyundev.cn/regjsgen/download/regjsgen-0.2.0.tgz",
      "integrity": "sha1-bAFq3qxVT3WCP+N6wFuS1aTtsfc="
    },
    "regjsparser": {
      "version": "0.1.5",
      "resolved": "http://rnpm.uyundev.cn/regjsparser/download/regjsparser-0.1.5.tgz",
      "integrity": "sha1-fuj4Tcb6eS0/0K4ijSS9lJ6tIFw=",
      "requires": {
        "jsesc": "~0.5.0"
      }
    },
    "require-directory": {
      "version": "2.1.1",
      "resolved": "http://rnpm.uyundev.cn/require-directory/download/require-directory-2.1.1.tgz",
      "integrity": "sha1-jGStX9MNqxyXbiNE/+f3kqam30I="
    },
    "require-main-filename": {
      "version": "1.0.1",
      "resolved": "http://rnpm.uyundev.cn/require-main-filename/download/require-main-filename-1.0.1.tgz",
      "integrity": "sha1-l/cXtp1IeE9fUmpsWqj/3aBVpNE="
    },
    "set-blocking": {
      "version": "2.0.0",
      "resolved": "http://rnpm.uyundev.cn/set-blocking/download/set-blocking-2.0.0.tgz",
      "integrity": "sha1-BF+XgtARrppoA93TgrJDkrPYkPc="
    },
    "shebang-command": {
      "version": "1.2.0",
      "resolved": "http://rnpm.uyundev.cn/shebang-command/download/shebang-command-1.2.0.tgz",
      "integrity": "sha1-RKrGW2lbAzmJaMOfNj/uXer98eo=",
      "requires": {
        "shebang-regex": "^1.0.0"
      }
    },
    "shebang-regex": {
      "version": "1.0.0",
      "resolved": "http://rnpm.uyundev.cn/shebang-regex/download/shebang-regex-1.0.0.tgz",
      "integrity": "sha1-2kL0l0DAtC2yypcoVxyxkMmO/qM="
    },
    "signal-exit": {
      "version": "3.0.2",
      "resolved": "http://rnpm.uyundev.cn/signal-exit/download/signal-exit-3.0.2.tgz",
      "integrity": "sha1-tf3AjxKH6hF4Yo5BXiUTK3NkbG0="
    },
    "source-map": {
      "version": "0.6.1",
      "resolved": "http://rnpm.uyundev.cn/source-map/download/source-map-0.6.1.tgz",
      "integrity": "sha1-dHIq8y6WFOnCh6jQu95IteLxomM="
    },
    "string-width": {
      "version": "2.1.1",
      "resolved": "http://rnpm.uyundev.cn/string-width/download/string-width-2.1.1.tgz",
      "integrity": "sha1-q5Pyeo3BPSjKyBXEYhQ6bZASrp4=",
      "requires": {
        "is-fullwidth-code-point": "^2.0.0",
        "strip-ansi": "^4.0.0"
      }
    },
    "strip-ansi": {
      "version": "4.0.0",
      "resolved": "http://rnpm.uyundev.cn/strip-ansi/download/strip-ansi-4.0.0.tgz",
      "integrity": "sha1-qEeQIusaw2iocTibY1JixQXuNo8=",
      "requires": {
        "ansi-regex": "^3.0.0"
      }
    },
    "strip-eof": {
      "version": "1.0.0",
      "resolved": "http://rnpm.uyundev.cn/strip-eof/download/strip-eof-1.0.0.tgz",
      "integrity": "sha1-u0P/VZim6wXYm1n80SnJgzE2Br8="
    },
    "supports-color": {
      "version": "2.0.0",
      "resolved": "http://rnpm.uyundev.cn/supports-color/download/supports-color-2.0.0.tgz",
      "integrity": "sha1-U10EXOa2Nj+kARcIRimZXp3zJMc="
    },
    "to-fast-properties": {
      "version": "1.0.3",
      "resolved": "http://rnpm.uyundev.cn/to-fast-properties/download/to-fast-properties-1.0.3.tgz",
      "integrity": "sha1-uDVx+k2MJbguIxsG46MFXeTKGkc="
    },
    "uglify-js": {
      "version": "3.5.15",
      "resolved": "http://rnpm.uyundev.cn/uglify-js/download/uglify-js-3.5.15.tgz",
      "integrity": "sha1-/itTeP0LCeEWhkBBQ3v/iJEFziQ=",
      "optional": true,
      "requires": {
        "commander": "~2.20.0",
        "source-map": "~0.6.1"
      }
    },
    "which": {
      "version": "1.3.1",
      "resolved": "http://rnpm.uyundev.cn/which/download/which-1.3.1.tgz",
      "integrity": "sha1-pFBD1U9YBTFtqNYvn1CRjT2nCwo=",
      "requires": {
        "isexe": "^2.0.0"
      }
    },
    "which-module": {
      "version": "2.0.0",
      "resolved": "http://rnpm.uyundev.cn/which-module/download/which-module-2.0.0.tgz",
      "integrity": "sha1-2e8H3Od7mQK4o6j6SzHD4/fm6Ho="
    },
    "wordwrap": {
      "version": "0.0.3",
      "resolved": "http://rnpm.uyundev.cn/wordwrap/download/wordwrap-0.0.3.tgz",
      "integrity": "sha1-o9XabNXAvAAI03I0u68b7WMFkQc="
    },
    "wrap-ansi": {
      "version": "2.1.0",
      "resolved": "http://rnpm.uyundev.cn/wrap-ansi/download/wrap-ansi-2.1.0.tgz",
      "integrity": "sha1-2Pw9KE3QV5T+hJc8rs3Rz4JP3YU=",
      "requires": {
        "string-width": "^1.0.1",
        "strip-ansi": "^3.0.1"
      },
      "dependencies": {
        "ansi-regex": {
          "version": "2.1.1",
          "resolved": "http://rnpm.uyundev.cn/ansi-regex/download/ansi-regex-2.1.1.tgz",
          "integrity": "sha1-w7M6te42DYbg5ijwRorn7yfWVN8="
        },
        "is-fullwidth-code-point": {
          "version": "1.0.0",
          "resolved": "http://rnpm.uyundev.cn/is-fullwidth-code-point/download/is-fullwidth-code-point-1.0.0.tgz",
          "integrity": "sha1-754xOG8DGn8NZDr4L95QxFfvAMs=",
          "requires": {
            "number-is-nan": "^1.0.0"
          }
        },
        "string-width": {
          "version": "1.0.2",
          "resolved": "http://rnpm.uyundev.cn/string-width/download/string-width-1.0.2.tgz",
          "integrity": "sha1-EYvfW4zcUaKn5w0hHgfisLmxB9M=",
          "requires": {
            "code-point-at": "^1.0.0",
            "is-fullwidth-code-point": "^1.0.0",
            "strip-ansi": "^3.0.0"
          }
        },
        "strip-ansi": {
          "version": "3.0.1",
          "resolved": "http://rnpm.uyundev.cn/strip-ansi/download/strip-ansi-3.0.1.tgz",
          "integrity": "sha1-ajhfuIU9lS1f8F0Oiq+UJ43GPc8=",
          "requires": {
            "ansi-regex": "^2.0.0"
          }
        }
      }
    },
    "y18n": {
      "version": "3.2.1",
      "resolved": "http://rnpm.uyundev.cn/y18n/download/y18n-3.2.1.tgz",
      "integrity": "sha1-bRX7qITAhnnA136I53WegR4H+kE="
    },
    "yallist": {
      "version": "2.1.2",
      "resolved": "http://rnpm.uyundev.cn/yallist/download/yallist-2.1.2.tgz",
      "integrity": "sha1-HBH5IY8HYImkfdUS+TxmmaaoHVI="
    },
    "yargs": {
      "version": "11.1.0",
      "resolved": "http://rnpm.uyundev.cn/yargs/download/yargs-11.1.0.tgz",
      "integrity": "sha1-kLhpk07W6HERXqL/WLA/RyTtLXc=",
      "requires": {
        "cliui": "^4.0.0",
        "decamelize": "^1.1.1",
        "find-up": "^2.1.0",
        "get-caller-file": "^1.0.1",
        "os-locale": "^2.0.0",
        "require-directory": "^2.1.1",
        "require-main-filename": "^1.0.1",
        "set-blocking": "^2.0.0",
        "string-width": "^2.0.0",
        "which-module": "^2.0.0",
        "y18n": "^3.2.1",
        "yargs-parser": "^9.0.2"
      }
    },
    "yargs-parser": {
      "version": "9.0.2",
      "resolved": "http://rnpm.uyundev.cn/yargs-parser/download/yargs-parser-9.0.2.tgz",
      "integrity": "sha1-nM9qQ0YP5O1Aqbto9I1DuKaMwHc=",
      "requires": {
        "camelcase": "^4.1.0"
      }
    }
  }
}
