{
    "name": "website",
    "version": "0.0.1",
    "lockfileVersion": 1,
    "requires": true,
    "dependencies": {
        "connect": {
            "version": "1.8.7",
            "resolved": "https://registry.npmjs.org/connect/-/connect-1.8.7.tgz",
            "integrity": "sha1-tiAoGITUVfq5TGk9LbdIZS1sjBc=",
            "requires": {
                "formidable": "1.0.17",
                "mime": "2.3.1",
                "qs": "6.5.2"
            }
        },
        "formidable": {
            "version": "1.0.17",
            "resolved": "https://registry.npmjs.org/formidable/-/formidable-1.0.17.tgz",
            "integrity": "sha1-71SRSQ+UM7cF+qdyScmQKa40hVk="
        },
        "mime": {
            "version": "2.3.1",
            "resolved": "https://registry.npmjs.org/mime/-/mime-2.3.1.tgz",
            "integrity": "sha512-OEUllcVoydBHGN1z84yfQDimn58pZNNNXgZlHXSboxMlFvgI6MXSWpWKpFRra7H1HxpVhHTkrghfRW49k6yjeg=="
        },
        "qs": {
            "version": "6.5.2",
            "resolved": "https://registry.npmjs.org/qs/-/qs-6.5.2.tgz",
            "integrity": "sha512-N5ZAX4/LxJmF+7wN74pUD6qAh9/wnvdQcjq9TZjevvXzSUo7bfmw91saqMjzGS2xq91/odN2dW/WOl7qQHNDGA=="
        }
    }
}
